// !$*UTF8*$!
{
	archiveVersion = 1;
	classes = {
	};
	objectVersion = 52;
	objects = {

/* Begin PBXBuildFile section */
		C6091CC625BCEBBB00E6CD0F /* ListCellView.swift in Sources */ = {isa = PBXBuildFile; fileRef = C6091CC525BCEBBB00E6CD0F /* ListCellView.swift */; };
		C6091CCE25BDE22300E6CD0F /* SavedInstanceExplorerView.swift in Sources */ = {isa = PBXBuildFile; fileRef = C6091CCD25BDE22300E6CD0F /* SavedInstanceExplorerView.swift */; };
		C6091CD725BDF2EA00E6CD0F /* MarkdownText.swift in Sources */ = {isa = PBXBuildFile; fileRef = C6091CD625BDF2EA00E6CD0F /* MarkdownText.swift */; };
		C6091CE425BE013600E6CD0F /* MarkdownUI in Frameworks */ = {isa = PBXBuildFile; productRef = C6091CE325BE013600E6CD0F /* MarkdownUI */; };
		C6091CF225C46ED600E6CD0F /* LemmyCommunitiesResponseV2.swift in Sources */ = {isa = PBXBuildFile; fileRef = C6091CF125C46ED600E6CD0F /* LemmyCommunitiesResponseV2.swift */; };
		C6091CF625C46F0300E6CD0F /* LemmyCommunitySummary.swift in Sources */ = {isa = PBXBuildFile; fileRef = C6091CF525C46F0300E6CD0F /* LemmyCommunitySummary.swift */; };
		C6091CFA25C46F1A00E6CD0F /* LemmyCategory.swift in Sources */ = {isa = PBXBuildFile; fileRef = C6091CF925C46F1A00E6CD0F /* LemmyCategory.swift */; };
		C6091D0425C473B800E6CD0F /* LemmyV2Spec.swift in Sources */ = {isa = PBXBuildFile; fileRef = C6091D0325C473B800E6CD0F /* LemmyV2Spec.swift */; };
		C6091D0A25C4759800E6CD0F /* LemmyV2SpecTests.swift in Sources */ = {isa = PBXBuildFile; fileRef = C6091D0925C4759800E6CD0F /* LemmyV2SpecTests.swift */; };
		C6091D0E25C4797900E6CD0F /* LemmyPostItemResponseV2.swift in Sources */ = {isa = PBXBuildFile; fileRef = C6091D0D25C4797900E6CD0F /* LemmyPostItemResponseV2.swift */; };
		C6091D1225C4799400E6CD0F /* LemmyPostItemSummary.swift in Sources */ = {isa = PBXBuildFile; fileRef = C6091D1125C4799400E6CD0F /* LemmyPostItemSummary.swift */; };
		C6091D1625C47C7800E6CD0F /* LemmyPostResponseV2.swift in Sources */ = {isa = PBXBuildFile; fileRef = C6091D1525C47C7800E6CD0F /* LemmyPostResponseV2.swift */; };
		C6091D1A25C4813200E6CD0F /* LemmySiteResponseV2.swift in Sources */ = {isa = PBXBuildFile; fileRef = C6091D1925C4813200E6CD0F /* LemmySiteResponseV2.swift */; };
		C6091D1E25C4832800E6CD0F /* Spec.swift in Sources */ = {isa = PBXBuildFile; fileRef = C6091D1D25C4832800E6CD0F /* Spec.swift */; };
		C6091D2425C487F900E6CD0F /* LemmyV1Spec.swift in Sources */ = {isa = PBXBuildFile; fileRef = C6091D2325C487F900E6CD0F /* LemmyV1Spec.swift */; };
		C6091D2825C4881700E6CD0F /* LemmyV1SpecTests.swift in Sources */ = {isa = PBXBuildFile; fileRef = C6091D2725C4881700E6CD0F /* LemmyV1SpecTests.swift */; };
		C6091D3225C48D4400E6CD0F /* LemmyAPIClient.swift in Sources */ = {isa = PBXBuildFile; fileRef = C6091D3125C48D4400E6CD0F /* LemmyAPIClient.swift */; };
		C6091D3D25C4AF6C00E6CD0F /* LemmyPostItemPreviews.swift in Sources */ = {isa = PBXBuildFile; fileRef = C6091D3C25C4AF6C00E6CD0F /* LemmyPostItemPreviews.swift */; };
		C6091D4125C4B4FC00E6CD0F /* CavyComment.swift in Sources */ = {isa = PBXBuildFile; fileRef = C6091D4025C4B4FC00E6CD0F /* CavyComment.swift */; };
		C62543EA25B4A1F1007F170A /* CommentsListView.swift in Sources */ = {isa = PBXBuildFile; fileRef = C62543E925B4A1F1007F170A /* CommentsListView.swift */; };
		C62543EE25B4A249007F170A /* PostModel.swift in Sources */ = {isa = PBXBuildFile; fileRef = C62543ED25B4A249007F170A /* PostModel.swift */; };
		C62543F225B4ABED007F170A /* CommentView.swift in Sources */ = {isa = PBXBuildFile; fileRef = C62543F125B4ABED007F170A /* CommentView.swift */; };
		C62543FC25B4AD78007F170A /* Decodable++.swift in Sources */ = {isa = PBXBuildFile; fileRef = C62543FB25B4AD78007F170A /* Decodable++.swift */; };
		C625440025B4BC48007F170A /* Node.swift in Sources */ = {isa = PBXBuildFile; fileRef = C62543FF25B4BC48007F170A /* Node.swift */; };
		C625440625B4BCBF007F170A /* CommentTreeUseCase.swift in Sources */ = {isa = PBXBuildFile; fileRef = C625440525B4BCBF007F170A /* CommentTreeUseCase.swift */; };
		C625440C25B4BFEA007F170A /* CommentTree.swift in Sources */ = {isa = PBXBuildFile; fileRef = C625440B25B4BFEA007F170A /* CommentTree.swift */; };
		C625441025B4BFF5007F170A /* ThreadedComment.swift in Sources */ = {isa = PBXBuildFile; fileRef = C625440F25B4BFF5007F170A /* ThreadedComment.swift */; };
		C625441425B5FEE9007F170A /* CommentTreeTests.swift in Sources */ = {isa = PBXBuildFile; fileRef = C625441325B5FEE9007F170A /* CommentTreeTests.swift */; };
		C625441925B600B9007F170A /* 20210118_lemmy_post_41391.json in Resources */ = {isa = PBXBuildFile; fileRef = C625441825B600B9007F170A /* 20210118_lemmy_post_41391.json */; };
		C625442325B65137007F170A /* DateParser.swift in Sources */ = {isa = PBXBuildFile; fileRef = C625442225B65137007F170A /* DateParser.swift */; };
		C625442725B65220007F170A /* LemmyComment++.swift in Sources */ = {isa = PBXBuildFile; fileRef = C625442625B65220007F170A /* LemmyComment++.swift */; };
		C625442B25B65528007F170A /* DateParserTests.swift in Sources */ = {isa = PBXBuildFile; fileRef = C625442A25B65528007F170A /* DateParserTests.swift */; };
		C625443125B685ED007F170A /* 20210118_post_list_all_hot.json in Resources */ = {isa = PBXBuildFile; fileRef = C625443025B685ED007F170A /* 20210118_post_list_all_hot.json */; };
		C632F65725C7295E00CC1FC9 /* Colors.swift in Sources */ = {isa = PBXBuildFile; fileRef = C632F65625C7295E00CC1FC9 /* Colors.swift */; };
		C632F65C25C72CA200CC1FC9 /* KeyValueTidbit.swift in Sources */ = {isa = PBXBuildFile; fileRef = C632F65B25C72CA200CC1FC9 /* KeyValueTidbit.swift */; };
		C632F66025C72F1600CC1FC9 /* APILevelTidbit.swift in Sources */ = {isa = PBXBuildFile; fileRef = C632F65F25C72F1600CC1FC9 /* APILevelTidbit.swift */; };
		C632F66425C7330E00CC1FC9 /* ImageCellTidbit.swift in Sources */ = {isa = PBXBuildFile; fileRef = C632F66325C7330E00CC1FC9 /* ImageCellTidbit.swift */; };
		C632F66A25C7375C00CC1FC9 /* UsersCellTidbit.swift in Sources */ = {isa = PBXBuildFile; fileRef = C632F66925C7375C00CC1FC9 /* UsersCellTidbit.swift */; };
		C632F66E25C737C700CC1FC9 /* CommunitiesCellTidbit.swift in Sources */ = {isa = PBXBuildFile; fileRef = C632F66D25C737C700CC1FC9 /* CommunitiesCellTidbit.swift */; };
		C632F67225C7383900CC1FC9 /* FederatedIntancesCellTidbit.swift in Sources */ = {isa = PBXBuildFile; fileRef = C632F67125C7383900CC1FC9 /* FederatedIntancesCellTidbit.swift */; };
		C632F67625C738D400CC1FC9 /* SiteKPIsRow.swift in Sources */ = {isa = PBXBuildFile; fileRef = C632F67525C738D400CC1FC9 /* SiteKPIsRow.swift */; };
		C632F67C25C74E5700CC1FC9 /* ListingIntent.swift in Sources */ = {isa = PBXBuildFile; fileRef = C632F67B25C74E5700CC1FC9 /* ListingIntent.swift */; };
		C632F68025C7556C00CC1FC9 /* LoadingPostListView.swift in Sources */ = {isa = PBXBuildFile; fileRef = C632F67F25C7556C00CC1FC9 /* LoadingPostListView.swift */; };
		C632F68C25C75E6100CC1FC9 /* ToggleSavedListIntent.swift in Sources */ = {isa = PBXBuildFile; fileRef = C632F68B25C75E6100CC1FC9 /* ToggleSavedListIntent.swift */; };
		C63DF2AE2530016000728E08 /* CavyApp.swift in Sources */ = {isa = PBXBuildFile; fileRef = C63DF2AD2530016000728E08 /* CavyApp.swift */; };
		C63DF2B22530016300728E08 /* Assets.xcassets in Resources */ = {isa = PBXBuildFile; fileRef = C63DF2B12530016300728E08 /* Assets.xcassets */; };
		C63DF2B52530016300728E08 /* Preview Assets.xcassets in Resources */ = {isa = PBXBuildFile; fileRef = C63DF2B42530016300728E08 /* Preview Assets.xcassets */; };
		C63DF2BE253001BC00728E08 /* PostItemView.swift in Sources */ = {isa = PBXBuildFile; fileRef = C63DF2BD253001BC00728E08 /* PostItemView.swift */; };
		C63DF2C1253001CC00728E08 /* CavyPost.swift in Sources */ = {isa = PBXBuildFile; fileRef = C63DF2C0253001CC00728E08 /* CavyPost.swift */; };
		C63DF2C425313DE000728E08 /* RootModel.swift in Sources */ = {isa = PBXBuildFile; fileRef = C63DF2C325313DE000728E08 /* RootModel.swift */; };
		C63DF2CA25313E3200728E08 /* LemmyPostItem.swift in Sources */ = {isa = PBXBuildFile; fileRef = C63DF2C925313E3200728E08 /* LemmyPostItem.swift */; };
		C640772625BCC7E500B42F63 /* CommunitiesView.swift in Sources */ = {isa = PBXBuildFile; fileRef = C640772525BCC7E500B42F63 /* CommunitiesView.swift */; };
		C640772A25BCC8C100B42F63 /* LoadableCommunitiesView.swift in Sources */ = {isa = PBXBuildFile; fileRef = C640772925BCC8C100B42F63 /* LoadableCommunitiesView.swift */; };
		C640773525BCD02000B42F63 /* FederatedInstancesListView.swift in Sources */ = {isa = PBXBuildFile; fileRef = C640773425BCD02000B42F63 /* FederatedInstancesListView.swift */; };
		C6515CE72531454700C8CEF7 /* LemmyCommunity.swift in Sources */ = {isa = PBXBuildFile; fileRef = C6515CE62531454700C8CEF7 /* LemmyCommunity.swift */; };
		C6515CEB2531479400C8CEF7 /* LemmyCommunitiesResponse.swift in Sources */ = {isa = PBXBuildFile; fileRef = C6515CEA2531479400C8CEF7 /* LemmyCommunitiesResponse.swift */; };
		C6515CEF2531601800C8CEF7 /* LemmyPostItemResponse.swift in Sources */ = {isa = PBXBuildFile; fileRef = C6515CEE2531601800C8CEF7 /* LemmyPostItemResponse.swift */; };
		C6515CF32531606E00C8CEF7 /* LemmyAPIFactory.swift in Sources */ = {isa = PBXBuildFile; fileRef = C6515CF22531606E00C8CEF7 /* LemmyAPIFactory.swift */; };
		C6515CF925316A6A00C8CEF7 /* URLSession++.swift in Sources */ = {isa = PBXBuildFile; fileRef = C6515CF825316A6A00C8CEF7 /* URLSession++.swift */; };
		C6515CFD2532030B00C8CEF7 /* ListingView.swift in Sources */ = {isa = PBXBuildFile; fileRef = C6515CFC2532030B00C8CEF7 /* ListingView.swift */; };
		C6515D092532038900C8CEF7 /* MainTabView.swift in Sources */ = {isa = PBXBuildFile; fileRef = C6515D082532038900C8CEF7 /* MainTabView.swift */; };
		C6515D15253222F900C8CEF7 /* LoadState.swift in Sources */ = {isa = PBXBuildFile; fileRef = C6515D14253222F900C8CEF7 /* LoadState.swift */; };
		C6515D192532268600C8CEF7 /* LoadStateView.swift in Sources */ = {isa = PBXBuildFile; fileRef = C6515D182532268600C8CEF7 /* LoadStateView.swift */; };
		C652705125BC99A80014FB05 /* LemmyModerator.swift in Sources */ = {isa = PBXBuildFile; fileRef = C652705025BC99A80014FB05 /* LemmyModerator.swift */; };
		C652705525BC9EB70014FB05 /* SiteSummaryView.swift in Sources */ = {isa = PBXBuildFile; fileRef = C652705425BC9EB70014FB05 /* SiteSummaryView.swift */; };
		C652705925BCA1460014FB05 /* 20210122_lemmy_ml_site.json in Resources */ = {isa = PBXBuildFile; fileRef = C652705825BCA0A80014FB05 /* 20210122_lemmy_ml_site.json */; };
		C652705C25BCA1490014FB05 /* 20210118_post_list_all_hot.json in Resources */ = {isa = PBXBuildFile; fileRef = C625443425B68B8E007F170A /* 20210118_post_list_all_hot.json */; };
		C652706E25BCAB7B0014FB05 /* SiteSummaryLoaderView.swift in Sources */ = {isa = PBXBuildFile; fileRef = C652706D25BCAB7B0014FB05 /* SiteSummaryLoaderView.swift */; };
		C652707A25BCAE880014FB05 /* DataResource.swift in Sources */ = {isa = PBXBuildFile; fileRef = C652707925BCAE880014FB05 /* DataResource.swift */; };
		C652707E25BCAF5C0014FB05 /* ParsedDataResource.swift in Sources */ = {isa = PBXBuildFile; fileRef = C652707D25BCAF5C0014FB05 /* ParsedDataResource.swift */; };
		C652708625BCB4820014FB05 /* Loader.swift in Sources */ = {isa = PBXBuildFile; fileRef = C652708525BCB4820014FB05 /* Loader.swift */; };
		C659A69E25C5D4B000F12466 /* CavySite.swift in Sources */ = {isa = PBXBuildFile; fileRef = C659A69D25C5D4B000F12466 /* CavySite.swift */; };
		C659A6A225C5DF4100F12466 /* CavyUser.swift in Sources */ = {isa = PBXBuildFile; fileRef = C659A6A125C5DF4100F12466 /* CavyUser.swift */; };
		C659A6A625C5E3AC00F12466 /* CavyCommunity.swift in Sources */ = {isa = PBXBuildFile; fileRef = C659A6A525C5E3AC00F12466 /* CavyCommunity.swift */; };
		C659A6AD25C5EB0E00F12466 /* SelectLemmyAPIVersionUseCase.swift in Sources */ = {isa = PBXBuildFile; fileRef = C659A6AC25C5EB0E00F12466 /* SelectLemmyAPIVersionUseCase.swift */; };
		C659A6B125C5F14C00F12466 /* SelectLemmyAPIVersionUseCaseTests.swift in Sources */ = {isa = PBXBuildFile; fileRef = C659A6B025C5F14C00F12466 /* SelectLemmyAPIVersionUseCaseTests.swift */; };
		C659A6B525C5F37400F12466 /* APIClientSelectorResource.swift in Sources */ = {isa = PBXBuildFile; fileRef = C659A6B425C5F37400F12466 /* APIClientSelectorResource.swift */; };
		C659A6C025C6004600F12466 /* ClientStore.swift in Sources */ = {isa = PBXBuildFile; fileRef = C659A6BF25C6004600F12466 /* ClientStore.swift */; };
		C659A6C425C6009000F12466 /* ListingDescriptor.swift in Sources */ = {isa = PBXBuildFile; fileRef = C659A6C325C6009000F12466 /* ListingDescriptor.swift */; };
		C659A6C825C601A200F12466 /* ListingIntentStore.swift in Sources */ = {isa = PBXBuildFile; fileRef = C659A6C725C601A200F12466 /* ListingIntentStore.swift */; };
		C6A7D4D025B8866B00D5FF2E /* BulletSeperator.swift in Sources */ = {isa = PBXBuildFile; fileRef = C6A7D4CF25B8866B00D5FF2E /* BulletSeperator.swift */; };
		C6C3D89A2532496E00EB7DB8 /* Resource.swift in Sources */ = {isa = PBXBuildFile; fileRef = C6C3D8992532496E00EB7DB8 /* Resource.swift */; };
		C6C3D8B3253253BF00EB7DB8 /* PostDetailView.swift in Sources */ = {isa = PBXBuildFile; fileRef = C6C3D8B2253253BF00EB7DB8 /* PostDetailView.swift */; };
		C6D06D2D25D056A0004D2DA7 /* PostItemCellThumbnailView.swift in Sources */ = {isa = PBXBuildFile; fileRef = C6D06D2C25D056A0004D2DA7 /* PostItemCellThumbnailView.swift */; };
		C6D06D3125D05A4D004D2DA7 /* PostItemCellThumbnailText.swift in Sources */ = {isa = PBXBuildFile; fileRef = C6D06D3025D05A4D004D2DA7 /* PostItemCellThumbnailText.swift */; };
		C6D06D3B25D06581004D2DA7 /* CachingDataProvider.swift in Sources */ = {isa = PBXBuildFile; fileRef = C6D06D3A25D06581004D2DA7 /* CachingDataProvider.swift */; };
		C6D06D3F25D06B0D004D2DA7 /* CachingDataProviderTests.swift in Sources */ = {isa = PBXBuildFile; fileRef = C6D06D3E25D06B0D004D2DA7 /* CachingDataProviderTests.swift */; };
		C6D06D4A25D2E0C8004D2DA7 /* LemmyLoginRequest.swift in Sources */ = {isa = PBXBuildFile; fileRef = C6D06D4925D2E0C8004D2DA7 /* LemmyLoginRequest.swift */; };
		C6D06D4E25D2E0F8004D2DA7 /* LemmyLoginResponse.swift in Sources */ = {isa = PBXBuildFile; fileRef = C6D06D4D25D2E0F8004D2DA7 /* LemmyLoginResponse.swift */; };
		C6D06D5225D2E4AB004D2DA7 /* secrets.json in Resources */ = {isa = PBXBuildFile; fileRef = C6D06D5125D2E4AB004D2DA7 /* secrets.json */; };
		C6D06D6525D82570004D2DA7 /* OnboardingScreen.swift in Sources */ = {isa = PBXBuildFile; fileRef = C6D06D6425D82570004D2DA7 /* OnboardingScreen.swift */; };
		C6D06D6B25D8279D004D2DA7 /* WelcomeToCavyPage.swift in Sources */ = {isa = PBXBuildFile; fileRef = C6D06D6A25D8279D004D2DA7 /* WelcomeToCavyPage.swift */; };
		C6D06D6F25D82EEA004D2DA7 /* ChooseInstancePage.swift in Sources */ = {isa = PBXBuildFile; fileRef = C6D06D6E25D82EEA004D2DA7 /* ChooseInstancePage.swift */; };
		C6D06D7925D97449004D2DA7 /* LabeledDivider.swift in Sources */ = {isa = PBXBuildFile; fileRef = C6D06D7825D97449004D2DA7 /* LabeledDivider.swift */; };
		C6D06D8325D9784B004D2DA7 /* FillButton.swift in Sources */ = {isa = PBXBuildFile; fileRef = C6D06D8225D9784B004D2DA7 /* FillButton.swift */; };
		C6D06D8725D97B71004D2DA7 /* OnboardingNavigationView.swift in Sources */ = {isa = PBXBuildFile; fileRef = C6D06D8625D97B71004D2DA7 /* OnboardingNavigationView.swift */; };
		C6D06D8D25D989D9004D2DA7 /* InstancePreviewScreen.swift in Sources */ = {isa = PBXBuildFile; fileRef = C6D06D8C25D989D9004D2DA7 /* InstancePreviewScreen.swift */; };
		C6D06D9125D98B62004D2DA7 /* Classy.swift in Sources */ = {isa = PBXBuildFile; fileRef = C6D06D9025D98B62004D2DA7 /* Classy.swift */; };
		C6D06D9525D98C98004D2DA7 /* InstanceSiteLoader.swift in Sources */ = {isa = PBXBuildFile; fileRef = C6D06D9425D98C98004D2DA7 /* InstanceSiteLoader.swift */; };
		C6D9F104253257C300B41CE4 /* SafariView.swift in Sources */ = {isa = PBXBuildFile; fileRef = C6D9F103253257C300B41CE4 /* SafariView.swift */; };
		C6D9F1082532641D00B41CE4 /* LemmyPostResponse.swift in Sources */ = {isa = PBXBuildFile; fileRef = C6D9F1072532641D00B41CE4 /* LemmyPostResponse.swift */; };
		C6D9F1102532652500B41CE4 /* LemmyComment.swift in Sources */ = {isa = PBXBuildFile; fileRef = C6D9F10F2532652500B41CE4 /* LemmyComment.swift */; };
		C6D9F1142532654700B41CE4 /* LemmyUser.swift in Sources */ = {isa = PBXBuildFile; fileRef = C6D9F1132532654700B41CE4 /* LemmyUser.swift */; };
		C6D9F1192537CD8F00B41CE4 /* EditHostsUseCase.swift in Sources */ = {isa = PBXBuildFile; fileRef = C6D9F1182537CD8F00B41CE4 /* EditHostsUseCase.swift */; };
		C6D9F11F2537D0A900B41CE4 /* SettingsView.swift in Sources */ = {isa = PBXBuildFile; fileRef = C6D9F11E2537D0A900B41CE4 /* SettingsView.swift */; };
		C6D9F1232537D5B100B41CE4 /* EditHostsView.swift in Sources */ = {isa = PBXBuildFile; fileRef = C6D9F1222537D5B100B41CE4 /* EditHostsView.swift */; };
		C6D9F1292537D83400B41CE4 /* EditInstancesView.swift in Sources */ = {isa = PBXBuildFile; fileRef = C6D9F1282537D83400B41CE4 /* EditInstancesView.swift */; };
		C6D9F1332537DF1500B41CE4 /* DataProvider.swift in Sources */ = {isa = PBXBuildFile; fileRef = C6D9F1322537DF1500B41CE4 /* DataProvider.swift */; };
		C6D9F1372537E16700B41CE4 /* PlainError.swift in Sources */ = {isa = PBXBuildFile; fileRef = C6D9F1362537E16700B41CE4 /* PlainError.swift */; };
		C6D9F13A2537F04300B41CE4 /* DataProvider.swift in Sources */ = {isa = PBXBuildFile; fileRef = C6D9F1322537DF1500B41CE4 /* DataProvider.swift */; };
		C6D9F13D2537F04700B41CE4 /* PlainError.swift in Sources */ = {isa = PBXBuildFile; fileRef = C6D9F1362537E16700B41CE4 /* PlainError.swift */; };
		C6D9F1432537F05100B41CE4 /* Resource.swift in Sources */ = {isa = PBXBuildFile; fileRef = C6C3D8992532496E00EB7DB8 /* Resource.swift */; };
		C6D9F1462537F05400B41CE4 /* LoadState.swift in Sources */ = {isa = PBXBuildFile; fileRef = C6515D14253222F900C8CEF7 /* LoadState.swift */; };
		C6D9F14A2537F3A100B41CE4 /* Assert.swift in Sources */ = {isa = PBXBuildFile; fileRef = C6D9F1492537F3A100B41CE4 /* Assert.swift */; };
		C6F306B125BCE02300B381B1 /* UsersListView.swift in Sources */ = {isa = PBXBuildFile; fileRef = C6F306B025BCE02300B381B1 /* UsersListView.swift */; };
		C6F306B525BCE08600B381B1 /* LemmySiteResponsePreviews.swift in Sources */ = {isa = PBXBuildFile; fileRef = C6F306B425BCE08600B381B1 /* LemmySiteResponsePreviews.swift */; };
		C6F60EB225D9DE1E00ACD2C4 /* KeychainUseCase.swift in Sources */ = {isa = PBXBuildFile; fileRef = C6F60EB125D9DE1E00ACD2C4 /* KeychainUseCase.swift */; };
		C6F60EB625D9EE5700ACD2C4 /* KeychainUseCaseTests.swift in Sources */ = {isa = PBXBuildFile; fileRef = C6F60EB525D9EE5700ACD2C4 /* KeychainUseCaseTests.swift */; };
		C6F60EBA25DAE55A00ACD2C4 /* AddInstanceScreen.swift in Sources */ = {isa = PBXBuildFile; fileRef = C6F60EB925DAE55A00ACD2C4 /* AddInstanceScreen.swift */; };
		C6F60EBE25DB216600ACD2C4 /* LoginForm.swift in Sources */ = {isa = PBXBuildFile; fileRef = C6F60EBD25DB216600ACD2C4 /* LoginForm.swift */; };
		C6F60EC525DB2D3300ACD2C4 /* AddAnotherInstanceView.swift in Sources */ = {isa = PBXBuildFile; fileRef = C6F60EC425DB2D3300ACD2C4 /* AddAnotherInstanceView.swift */; };
		C6FA67DD25B9D3F5002A352E /* ArticleSummaryView.swift in Sources */ = {isa = PBXBuildFile; fileRef = C6FA67DC25B9D3F5002A352E /* ArticleSummaryView.swift */; };
		C6FA67E125BA5769002A352E /* LoadingThumbnailView.swift in Sources */ = {isa = PBXBuildFile; fileRef = C6FA67E025BA5769002A352E /* LoadingThumbnailView.swift */; };
		C6FA67E525BA5804002A352E /* ThumbnailView.swift in Sources */ = {isa = PBXBuildFile; fileRef = C6FA67E425BA5804002A352E /* ThumbnailView.swift */; };
		C6FA67E925BA7675002A352E /* LemmyPostItem++.swift in Sources */ = {isa = PBXBuildFile; fileRef = C6FA67E825BA7675002A352E /* LemmyPostItem++.swift */; };
		C6FA67ED25BA769B002A352E /* LinkKind.swift in Sources */ = {isa = PBXBuildFile; fileRef = C6FA67EC25BA769B002A352E /* LinkKind.swift */; };
		C6FA67F325BA76F7002A352E /* URLUtils.swift in Sources */ = {isa = PBXBuildFile; fileRef = C6FA67F225BA76F7002A352E /* URLUtils.swift */; };
		C6FA67F725BA77B2002A352E /* URLUtilsTests.swift in Sources */ = {isa = PBXBuildFile; fileRef = C6FA67F625BA77B2002A352E /* URLUtilsTests.swift */; };
		C6FA67FB25BA7923002A352E /* LemmyPostItem++Tests.swift in Sources */ = {isa = PBXBuildFile; fileRef = C6FA67FA25BA7923002A352E /* LemmyPostItem++Tests.swift */; };
		C6FA67FF25BA7991002A352E /* Utils.swift in Sources */ = {isa = PBXBuildFile; fileRef = C6FA67FE25BA7991002A352E /* Utils.swift */; };
		C6FA680325BA7ECA002A352E /* PostContentView.swift in Sources */ = {isa = PBXBuildFile; fileRef = C6FA680225BA7ECA002A352E /* PostContentView.swift */; };
		C6FA680725BA822E002A352E /* URL++.swift in Sources */ = {isa = PBXBuildFile; fileRef = C6FA680625BA822E002A352E /* URL++.swift */; };
		C6FA680F25BB2910002A352E /* 20210122_lemmy_ml_stite.json in Resources */ = {isa = PBXBuildFile; fileRef = C6FA680E25BB2910002A352E /* 20210122_lemmy_ml_stite.json */; };
		C6FA681325BB295F002A352E /* LemmySite.swift in Sources */ = {isa = PBXBuildFile; fileRef = C6FA681225BB295F002A352E /* LemmySite.swift */; };
		C6FA681725BB2CA2002A352E /* LemmySiteResponse.swift in Sources */ = {isa = PBXBuildFile; fileRef = C6FA681625BB2CA2002A352E /* LemmySiteResponse.swift */; };
		C6FA681B25BB2F42002A352E /* 20210122_chapo_chat_site.json in Resources */ = {isa = PBXBuildFile; fileRef = C6FA681A25BB2F42002A352E /* 20210122_chapo_chat_site.json */; };
/* End PBXBuildFile section */

/* Begin PBXContainerItemProxy section */
		C63DF2D525313FB500728E08 /* PBXContainerItemProxy */ = {
			isa = PBXContainerItemProxy;
			containerPortal = C63DF2A22530016000728E08 /* Project object */;
			proxyType = 1;
			remoteGlobalIDString = C63DF2A92530016000728E08;
			remoteInfo = LemmyApp;
		};
/* End PBXContainerItemProxy section */

/* Begin PBXFileReference section */
		C6091CC525BCEBBB00E6CD0F /* ListCellView.swift */ = {isa = PBXFileReference; lastKnownFileType = sourcecode.swift; path = ListCellView.swift; sourceTree = "<group>"; };
		C6091CCD25BDE22300E6CD0F /* SavedInstanceExplorerView.swift */ = {isa = PBXFileReference; lastKnownFileType = sourcecode.swift; path = SavedInstanceExplorerView.swift; sourceTree = "<group>"; };
		C6091CD625BDF2EA00E6CD0F /* MarkdownText.swift */ = {isa = PBXFileReference; lastKnownFileType = sourcecode.swift; path = MarkdownText.swift; sourceTree = "<group>"; };
		C6091CF125C46ED600E6CD0F /* LemmyCommunitiesResponseV2.swift */ = {isa = PBXFileReference; lastKnownFileType = sourcecode.swift; path = LemmyCommunitiesResponseV2.swift; sourceTree = "<group>"; };
		C6091CF525C46F0300E6CD0F /* LemmyCommunitySummary.swift */ = {isa = PBXFileReference; lastKnownFileType = sourcecode.swift; path = LemmyCommunitySummary.swift; sourceTree = "<group>"; };
		C6091CF925C46F1A00E6CD0F /* LemmyCategory.swift */ = {isa = PBXFileReference; lastKnownFileType = sourcecode.swift; path = LemmyCategory.swift; sourceTree = "<group>"; };
		C6091D0325C473B800E6CD0F /* LemmyV2Spec.swift */ = {isa = PBXFileReference; lastKnownFileType = sourcecode.swift; path = LemmyV2Spec.swift; sourceTree = "<group>"; };
		C6091D0925C4759800E6CD0F /* LemmyV2SpecTests.swift */ = {isa = PBXFileReference; lastKnownFileType = sourcecode.swift; path = LemmyV2SpecTests.swift; sourceTree = "<group>"; };
		C6091D0D25C4797900E6CD0F /* LemmyPostItemResponseV2.swift */ = {isa = PBXFileReference; lastKnownFileType = sourcecode.swift; path = LemmyPostItemResponseV2.swift; sourceTree = "<group>"; };
		C6091D1125C4799400E6CD0F /* LemmyPostItemSummary.swift */ = {isa = PBXFileReference; lastKnownFileType = sourcecode.swift; path = LemmyPostItemSummary.swift; sourceTree = "<group>"; };
		C6091D1525C47C7800E6CD0F /* LemmyPostResponseV2.swift */ = {isa = PBXFileReference; lastKnownFileType = sourcecode.swift; path = LemmyPostResponseV2.swift; sourceTree = "<group>"; };
		C6091D1925C4813200E6CD0F /* LemmySiteResponseV2.swift */ = {isa = PBXFileReference; lastKnownFileType = sourcecode.swift; path = LemmySiteResponseV2.swift; sourceTree = "<group>"; };
		C6091D1D25C4832800E6CD0F /* Spec.swift */ = {isa = PBXFileReference; lastKnownFileType = sourcecode.swift; path = Spec.swift; sourceTree = "<group>"; };
		C6091D2325C487F900E6CD0F /* LemmyV1Spec.swift */ = {isa = PBXFileReference; lastKnownFileType = sourcecode.swift; path = LemmyV1Spec.swift; sourceTree = "<group>"; };
		C6091D2725C4881700E6CD0F /* LemmyV1SpecTests.swift */ = {isa = PBXFileReference; lastKnownFileType = sourcecode.swift; path = LemmyV1SpecTests.swift; sourceTree = "<group>"; };
		C6091D3125C48D4400E6CD0F /* LemmyAPIClient.swift */ = {isa = PBXFileReference; lastKnownFileType = sourcecode.swift; path = LemmyAPIClient.swift; sourceTree = "<group>"; };
		C6091D3C25C4AF6C00E6CD0F /* LemmyPostItemPreviews.swift */ = {isa = PBXFileReference; lastKnownFileType = sourcecode.swift; path = LemmyPostItemPreviews.swift; sourceTree = "<group>"; };
		C6091D4025C4B4FC00E6CD0F /* CavyComment.swift */ = {isa = PBXFileReference; lastKnownFileType = sourcecode.swift; path = CavyComment.swift; sourceTree = "<group>"; };
		C62543E925B4A1F1007F170A /* CommentsListView.swift */ = {isa = PBXFileReference; lastKnownFileType = sourcecode.swift; path = CommentsListView.swift; sourceTree = "<group>"; };
		C62543ED25B4A249007F170A /* PostModel.swift */ = {isa = PBXFileReference; lastKnownFileType = sourcecode.swift; path = PostModel.swift; sourceTree = "<group>"; };
		C62543F125B4ABED007F170A /* CommentView.swift */ = {isa = PBXFileReference; lastKnownFileType = sourcecode.swift; path = CommentView.swift; sourceTree = "<group>"; };
		C62543FB25B4AD78007F170A /* Decodable++.swift */ = {isa = PBXFileReference; lastKnownFileType = sourcecode.swift; path = "Decodable++.swift"; sourceTree = "<group>"; };
		C62543FF25B4BC48007F170A /* Node.swift */ = {isa = PBXFileReference; lastKnownFileType = sourcecode.swift; path = Node.swift; sourceTree = "<group>"; };
		C625440525B4BCBF007F170A /* CommentTreeUseCase.swift */ = {isa = PBXFileReference; lastKnownFileType = sourcecode.swift; path = CommentTreeUseCase.swift; sourceTree = "<group>"; };
		C625440B25B4BFEA007F170A /* CommentTree.swift */ = {isa = PBXFileReference; lastKnownFileType = sourcecode.swift; path = CommentTree.swift; sourceTree = "<group>"; };
		C625440F25B4BFF5007F170A /* ThreadedComment.swift */ = {isa = PBXFileReference; lastKnownFileType = sourcecode.swift; path = ThreadedComment.swift; sourceTree = "<group>"; };
		C625441325B5FEE9007F170A /* CommentTreeTests.swift */ = {isa = PBXFileReference; lastKnownFileType = sourcecode.swift; path = CommentTreeTests.swift; sourceTree = "<group>"; };
		C625441825B600B9007F170A /* 20210118_lemmy_post_41391.json */ = {isa = PBXFileReference; lastKnownFileType = text.json; path = 20210118_lemmy_post_41391.json; sourceTree = "<group>"; };
		C625442225B65137007F170A /* DateParser.swift */ = {isa = PBXFileReference; lastKnownFileType = sourcecode.swift; path = DateParser.swift; sourceTree = "<group>"; };
		C625442625B65220007F170A /* LemmyComment++.swift */ = {isa = PBXFileReference; lastKnownFileType = sourcecode.swift; path = "LemmyComment++.swift"; sourceTree = "<group>"; };
		C625442A25B65528007F170A /* DateParserTests.swift */ = {isa = PBXFileReference; lastKnownFileType = sourcecode.swift; path = DateParserTests.swift; sourceTree = "<group>"; };
		C625443025B685ED007F170A /* 20210118_post_list_all_hot.json */ = {isa = PBXFileReference; lastKnownFileType = text.json; path = 20210118_post_list_all_hot.json; sourceTree = "<group>"; };
		C625443425B68B8E007F170A /* 20210118_post_list_all_hot.json */ = {isa = PBXFileReference; lastKnownFileType = text.json; path = 20210118_post_list_all_hot.json; sourceTree = "<group>"; };
		C632F65625C7295E00CC1FC9 /* Colors.swift */ = {isa = PBXFileReference; lastKnownFileType = sourcecode.swift; path = Colors.swift; sourceTree = "<group>"; };
		C632F65B25C72CA200CC1FC9 /* KeyValueTidbit.swift */ = {isa = PBXFileReference; lastKnownFileType = sourcecode.swift; path = KeyValueTidbit.swift; sourceTree = "<group>"; };
		C632F65F25C72F1600CC1FC9 /* APILevelTidbit.swift */ = {isa = PBXFileReference; lastKnownFileType = sourcecode.swift; path = APILevelTidbit.swift; sourceTree = "<group>"; };
		C632F66325C7330E00CC1FC9 /* ImageCellTidbit.swift */ = {isa = PBXFileReference; lastKnownFileType = sourcecode.swift; path = ImageCellTidbit.swift; sourceTree = "<group>"; };
		C632F66925C7375C00CC1FC9 /* UsersCellTidbit.swift */ = {isa = PBXFileReference; lastKnownFileType = sourcecode.swift; path = UsersCellTidbit.swift; sourceTree = "<group>"; };
		C632F66D25C737C700CC1FC9 /* CommunitiesCellTidbit.swift */ = {isa = PBXFileReference; lastKnownFileType = sourcecode.swift; path = CommunitiesCellTidbit.swift; sourceTree = "<group>"; };
		C632F67125C7383900CC1FC9 /* FederatedIntancesCellTidbit.swift */ = {isa = PBXFileReference; lastKnownFileType = sourcecode.swift; path = FederatedIntancesCellTidbit.swift; sourceTree = "<group>"; };
		C632F67525C738D400CC1FC9 /* SiteKPIsRow.swift */ = {isa = PBXFileReference; lastKnownFileType = sourcecode.swift; path = SiteKPIsRow.swift; sourceTree = "<group>"; };
		C632F67B25C74E5700CC1FC9 /* ListingIntent.swift */ = {isa = PBXFileReference; lastKnownFileType = sourcecode.swift; path = ListingIntent.swift; sourceTree = "<group>"; };
		C632F67F25C7556C00CC1FC9 /* LoadingPostListView.swift */ = {isa = PBXFileReference; lastKnownFileType = sourcecode.swift; path = LoadingPostListView.swift; sourceTree = "<group>"; };
		C632F68B25C75E6100CC1FC9 /* ToggleSavedListIntent.swift */ = {isa = PBXFileReference; lastKnownFileType = sourcecode.swift; path = ToggleSavedListIntent.swift; sourceTree = "<group>"; };
		C63DF2AA2530016000728E08 /* Cavy.app */ = {isa = PBXFileReference; explicitFileType = wrapper.application; includeInIndex = 0; path = Cavy.app; sourceTree = BUILT_PRODUCTS_DIR; };
		C63DF2AD2530016000728E08 /* CavyApp.swift */ = {isa = PBXFileReference; lastKnownFileType = sourcecode.swift; path = CavyApp.swift; sourceTree = "<group>"; };
		C63DF2B12530016300728E08 /* Assets.xcassets */ = {isa = PBXFileReference; lastKnownFileType = folder.assetcatalog; path = Assets.xcassets; sourceTree = "<group>"; };
		C63DF2B42530016300728E08 /* Preview Assets.xcassets */ = {isa = PBXFileReference; lastKnownFileType = folder.assetcatalog; path = "Preview Assets.xcassets"; sourceTree = "<group>"; };
		C63DF2B62530016300728E08 /* Info.plist */ = {isa = PBXFileReference; lastKnownFileType = text.plist.xml; path = Info.plist; sourceTree = "<group>"; };
		C63DF2BD253001BC00728E08 /* PostItemView.swift */ = {isa = PBXFileReference; lastKnownFileType = sourcecode.swift; path = PostItemView.swift; sourceTree = "<group>"; };
		C63DF2C0253001CC00728E08 /* CavyPost.swift */ = {isa = PBXFileReference; lastKnownFileType = sourcecode.swift; path = CavyPost.swift; sourceTree = "<group>"; };
		C63DF2C325313DE000728E08 /* RootModel.swift */ = {isa = PBXFileReference; lastKnownFileType = sourcecode.swift; path = RootModel.swift; sourceTree = "<group>"; };
		C63DF2C925313E3200728E08 /* LemmyPostItem.swift */ = {isa = PBXFileReference; lastKnownFileType = sourcecode.swift; path = LemmyPostItem.swift; sourceTree = "<group>"; };
		C63DF2D025313FB500728E08 /* CavyTests.xctest */ = {isa = PBXFileReference; explicitFileType = wrapper.cfbundle; includeInIndex = 0; path = CavyTests.xctest; sourceTree = BUILT_PRODUCTS_DIR; };
		C63DF2D425313FB500728E08 /* Info.plist */ = {isa = PBXFileReference; lastKnownFileType = text.plist.xml; path = Info.plist; sourceTree = "<group>"; };
		C640772525BCC7E500B42F63 /* CommunitiesView.swift */ = {isa = PBXFileReference; lastKnownFileType = sourcecode.swift; path = CommunitiesView.swift; sourceTree = "<group>"; };
		C640772925BCC8C100B42F63 /* LoadableCommunitiesView.swift */ = {isa = PBXFileReference; lastKnownFileType = sourcecode.swift; path = LoadableCommunitiesView.swift; sourceTree = "<group>"; };
		C640773425BCD02000B42F63 /* FederatedInstancesListView.swift */ = {isa = PBXFileReference; lastKnownFileType = sourcecode.swift; path = FederatedInstancesListView.swift; sourceTree = "<group>"; };
		C6515CE62531454700C8CEF7 /* LemmyCommunity.swift */ = {isa = PBXFileReference; lastKnownFileType = sourcecode.swift; path = LemmyCommunity.swift; sourceTree = "<group>"; };
		C6515CEA2531479400C8CEF7 /* LemmyCommunitiesResponse.swift */ = {isa = PBXFileReference; lastKnownFileType = sourcecode.swift; path = LemmyCommunitiesResponse.swift; sourceTree = "<group>"; };
		C6515CEE2531601800C8CEF7 /* LemmyPostItemResponse.swift */ = {isa = PBXFileReference; lastKnownFileType = sourcecode.swift; path = LemmyPostItemResponse.swift; sourceTree = "<group>"; };
		C6515CF22531606E00C8CEF7 /* LemmyAPIFactory.swift */ = {isa = PBXFileReference; lastKnownFileType = sourcecode.swift; path = LemmyAPIFactory.swift; sourceTree = "<group>"; };
		C6515CF825316A6A00C8CEF7 /* URLSession++.swift */ = {isa = PBXFileReference; lastKnownFileType = sourcecode.swift; path = "URLSession++.swift"; sourceTree = "<group>"; };
		C6515CFC2532030B00C8CEF7 /* ListingView.swift */ = {isa = PBXFileReference; lastKnownFileType = sourcecode.swift; path = ListingView.swift; sourceTree = "<group>"; };
		C6515D082532038900C8CEF7 /* MainTabView.swift */ = {isa = PBXFileReference; lastKnownFileType = sourcecode.swift; path = MainTabView.swift; sourceTree = "<group>"; };
		C6515D14253222F900C8CEF7 /* LoadState.swift */ = {isa = PBXFileReference; lastKnownFileType = sourcecode.swift; path = LoadState.swift; sourceTree = "<group>"; };
		C6515D182532268600C8CEF7 /* LoadStateView.swift */ = {isa = PBXFileReference; lastKnownFileType = sourcecode.swift; path = LoadStateView.swift; sourceTree = "<group>"; };
		C652705025BC99A80014FB05 /* LemmyModerator.swift */ = {isa = PBXFileReference; lastKnownFileType = sourcecode.swift; path = LemmyModerator.swift; sourceTree = "<group>"; };
		C652705425BC9EB70014FB05 /* SiteSummaryView.swift */ = {isa = PBXFileReference; lastKnownFileType = sourcecode.swift; path = SiteSummaryView.swift; sourceTree = "<group>"; };
		C652705825BCA0A80014FB05 /* 20210122_lemmy_ml_site.json */ = {isa = PBXFileReference; lastKnownFileType = text.json; path = 20210122_lemmy_ml_site.json; sourceTree = "<group>"; };
		C652706D25BCAB7B0014FB05 /* SiteSummaryLoaderView.swift */ = {isa = PBXFileReference; lastKnownFileType = sourcecode.swift; path = SiteSummaryLoaderView.swift; sourceTree = "<group>"; };
		C652707925BCAE880014FB05 /* DataResource.swift */ = {isa = PBXFileReference; lastKnownFileType = sourcecode.swift; path = DataResource.swift; sourceTree = "<group>"; };
		C652707D25BCAF5C0014FB05 /* ParsedDataResource.swift */ = {isa = PBXFileReference; lastKnownFileType = sourcecode.swift; path = ParsedDataResource.swift; sourceTree = "<group>"; };
		C652708525BCB4820014FB05 /* Loader.swift */ = {isa = PBXFileReference; lastKnownFileType = sourcecode.swift; path = Loader.swift; sourceTree = "<group>"; };
		C659A69D25C5D4B000F12466 /* CavySite.swift */ = {isa = PBXFileReference; lastKnownFileType = sourcecode.swift; path = CavySite.swift; sourceTree = "<group>"; };
		C659A6A125C5DF4100F12466 /* CavyUser.swift */ = {isa = PBXFileReference; lastKnownFileType = sourcecode.swift; path = CavyUser.swift; sourceTree = "<group>"; };
		C659A6A525C5E3AC00F12466 /* CavyCommunity.swift */ = {isa = PBXFileReference; lastKnownFileType = sourcecode.swift; path = CavyCommunity.swift; sourceTree = "<group>"; };
		C659A6AC25C5EB0E00F12466 /* SelectLemmyAPIVersionUseCase.swift */ = {isa = PBXFileReference; lastKnownFileType = sourcecode.swift; path = SelectLemmyAPIVersionUseCase.swift; sourceTree = "<group>"; };
		C659A6B025C5F14C00F12466 /* SelectLemmyAPIVersionUseCaseTests.swift */ = {isa = PBXFileReference; lastKnownFileType = sourcecode.swift; path = SelectLemmyAPIVersionUseCaseTests.swift; sourceTree = "<group>"; };
		C659A6B425C5F37400F12466 /* APIClientSelectorResource.swift */ = {isa = PBXFileReference; lastKnownFileType = sourcecode.swift; path = APIClientSelectorResource.swift; sourceTree = "<group>"; };
		C659A6BF25C6004600F12466 /* ClientStore.swift */ = {isa = PBXFileReference; lastKnownFileType = sourcecode.swift; path = ClientStore.swift; sourceTree = "<group>"; };
		C659A6C325C6009000F12466 /* ListingDescriptor.swift */ = {isa = PBXFileReference; lastKnownFileType = sourcecode.swift; path = ListingDescriptor.swift; sourceTree = "<group>"; };
		C659A6C725C601A200F12466 /* ListingIntentStore.swift */ = {isa = PBXFileReference; lastKnownFileType = sourcecode.swift; path = ListingIntentStore.swift; sourceTree = "<group>"; };
		C6A7D4CF25B8866B00D5FF2E /* BulletSeperator.swift */ = {isa = PBXFileReference; lastKnownFileType = sourcecode.swift; path = BulletSeperator.swift; sourceTree = "<group>"; };
		C6C3D8992532496E00EB7DB8 /* Resource.swift */ = {isa = PBXFileReference; lastKnownFileType = sourcecode.swift; path = Resource.swift; sourceTree = "<group>"; };
		C6C3D8B2253253BF00EB7DB8 /* PostDetailView.swift */ = {isa = PBXFileReference; lastKnownFileType = sourcecode.swift; path = PostDetailView.swift; sourceTree = "<group>"; };
		C6D06D2C25D056A0004D2DA7 /* PostItemCellThumbnailView.swift */ = {isa = PBXFileReference; lastKnownFileType = sourcecode.swift; path = PostItemCellThumbnailView.swift; sourceTree = "<group>"; };
		C6D06D3025D05A4D004D2DA7 /* PostItemCellThumbnailText.swift */ = {isa = PBXFileReference; lastKnownFileType = sourcecode.swift; path = PostItemCellThumbnailText.swift; sourceTree = "<group>"; };
		C6D06D3A25D06581004D2DA7 /* CachingDataProvider.swift */ = {isa = PBXFileReference; lastKnownFileType = sourcecode.swift; path = CachingDataProvider.swift; sourceTree = "<group>"; };
		C6D06D3E25D06B0D004D2DA7 /* CachingDataProviderTests.swift */ = {isa = PBXFileReference; lastKnownFileType = sourcecode.swift; path = CachingDataProviderTests.swift; sourceTree = "<group>"; };
		C6D06D4925D2E0C8004D2DA7 /* LemmyLoginRequest.swift */ = {isa = PBXFileReference; lastKnownFileType = sourcecode.swift; path = LemmyLoginRequest.swift; sourceTree = "<group>"; };
		C6D06D4D25D2E0F8004D2DA7 /* LemmyLoginResponse.swift */ = {isa = PBXFileReference; lastKnownFileType = sourcecode.swift; path = LemmyLoginResponse.swift; sourceTree = "<group>"; };
		C6D06D5125D2E4AB004D2DA7 /* secrets.json */ = {isa = PBXFileReference; fileEncoding = 4; lastKnownFileType = text.json; path = secrets.json; sourceTree = "<group>"; };
		C6D06D6425D82570004D2DA7 /* OnboardingScreen.swift */ = {isa = PBXFileReference; lastKnownFileType = sourcecode.swift; path = OnboardingScreen.swift; sourceTree = "<group>"; };
		C6D06D6A25D8279D004D2DA7 /* WelcomeToCavyPage.swift */ = {isa = PBXFileReference; lastKnownFileType = sourcecode.swift; path = WelcomeToCavyPage.swift; sourceTree = "<group>"; };
		C6D06D6E25D82EEA004D2DA7 /* ChooseInstancePage.swift */ = {isa = PBXFileReference; lastKnownFileType = sourcecode.swift; path = ChooseInstancePage.swift; sourceTree = "<group>"; };
		C6D06D7825D97449004D2DA7 /* LabeledDivider.swift */ = {isa = PBXFileReference; lastKnownFileType = sourcecode.swift; path = LabeledDivider.swift; sourceTree = "<group>"; };
		C6D06D8225D9784B004D2DA7 /* FillButton.swift */ = {isa = PBXFileReference; lastKnownFileType = sourcecode.swift; path = FillButton.swift; sourceTree = "<group>"; };
		C6D06D8625D97B71004D2DA7 /* OnboardingNavigationView.swift */ = {isa = PBXFileReference; lastKnownFileType = sourcecode.swift; path = OnboardingNavigationView.swift; sourceTree = "<group>"; };
		C6D06D8C25D989D9004D2DA7 /* InstancePreviewScreen.swift */ = {isa = PBXFileReference; lastKnownFileType = sourcecode.swift; path = InstancePreviewScreen.swift; sourceTree = "<group>"; };
		C6D06D9025D98B62004D2DA7 /* Classy.swift */ = {isa = PBXFileReference; lastKnownFileType = sourcecode.swift; path = Classy.swift; sourceTree = "<group>"; };
		C6D06D9425D98C98004D2DA7 /* InstanceSiteLoader.swift */ = {isa = PBXFileReference; lastKnownFileType = sourcecode.swift; path = InstanceSiteLoader.swift; sourceTree = "<group>"; };
		C6D9F103253257C300B41CE4 /* SafariView.swift */ = {isa = PBXFileReference; lastKnownFileType = sourcecode.swift; path = SafariView.swift; sourceTree = "<group>"; };
		C6D9F1072532641D00B41CE4 /* LemmyPostResponse.swift */ = {isa = PBXFileReference; lastKnownFileType = sourcecode.swift; path = LemmyPostResponse.swift; sourceTree = "<group>"; };
		C6D9F10F2532652500B41CE4 /* LemmyComment.swift */ = {isa = PBXFileReference; lastKnownFileType = sourcecode.swift; path = LemmyComment.swift; sourceTree = "<group>"; };
		C6D9F1132532654700B41CE4 /* LemmyUser.swift */ = {isa = PBXFileReference; lastKnownFileType = sourcecode.swift; path = LemmyUser.swift; sourceTree = "<group>"; };
		C6D9F1182537CD8F00B41CE4 /* EditHostsUseCase.swift */ = {isa = PBXFileReference; lastKnownFileType = sourcecode.swift; path = EditHostsUseCase.swift; sourceTree = "<group>"; };
		C6D9F11E2537D0A900B41CE4 /* SettingsView.swift */ = {isa = PBXFileReference; lastKnownFileType = sourcecode.swift; path = SettingsView.swift; sourceTree = "<group>"; };
		C6D9F1222537D5B100B41CE4 /* EditHostsView.swift */ = {isa = PBXFileReference; lastKnownFileType = sourcecode.swift; path = EditHostsView.swift; sourceTree = "<group>"; };
		C6D9F1282537D83400B41CE4 /* EditInstancesView.swift */ = {isa = PBXFileReference; lastKnownFileType = sourcecode.swift; path = EditInstancesView.swift; sourceTree = "<group>"; };
		C6D9F1322537DF1500B41CE4 /* DataProvider.swift */ = {isa = PBXFileReference; lastKnownFileType = sourcecode.swift; path = DataProvider.swift; sourceTree = "<group>"; };
		C6D9F1362537E16700B41CE4 /* PlainError.swift */ = {isa = PBXFileReference; lastKnownFileType = sourcecode.swift; path = PlainError.swift; sourceTree = "<group>"; };
		C6D9F1492537F3A100B41CE4 /* Assert.swift */ = {isa = PBXFileReference; lastKnownFileType = sourcecode.swift; path = Assert.swift; sourceTree = "<group>"; };
		C6F306B025BCE02300B381B1 /* UsersListView.swift */ = {isa = PBXFileReference; lastKnownFileType = sourcecode.swift; path = UsersListView.swift; sourceTree = "<group>"; };
		C6F306B425BCE08600B381B1 /* LemmySiteResponsePreviews.swift */ = {isa = PBXFileReference; lastKnownFileType = sourcecode.swift; path = LemmySiteResponsePreviews.swift; sourceTree = "<group>"; };
		C6F60EB125D9DE1E00ACD2C4 /* KeychainUseCase.swift */ = {isa = PBXFileReference; lastKnownFileType = sourcecode.swift; path = KeychainUseCase.swift; sourceTree = "<group>"; };
		C6F60EB525D9EE5700ACD2C4 /* KeychainUseCaseTests.swift */ = {isa = PBXFileReference; lastKnownFileType = sourcecode.swift; path = KeychainUseCaseTests.swift; sourceTree = "<group>"; };
		C6F60EB925DAE55A00ACD2C4 /* AddInstanceScreen.swift */ = {isa = PBXFileReference; lastKnownFileType = sourcecode.swift; path = AddInstanceScreen.swift; sourceTree = "<group>"; };
		C6F60EBD25DB216600ACD2C4 /* LoginForm.swift */ = {isa = PBXFileReference; lastKnownFileType = sourcecode.swift; path = LoginForm.swift; sourceTree = "<group>"; };
		C6F60EC425DB2D3300ACD2C4 /* AddAnotherInstanceView.swift */ = {isa = PBXFileReference; lastKnownFileType = sourcecode.swift; path = AddAnotherInstanceView.swift; sourceTree = "<group>"; };
		C6FA67DC25B9D3F5002A352E /* ArticleSummaryView.swift */ = {isa = PBXFileReference; lastKnownFileType = sourcecode.swift; path = ArticleSummaryView.swift; sourceTree = "<group>"; };
		C6FA67E025BA5769002A352E /* LoadingThumbnailView.swift */ = {isa = PBXFileReference; lastKnownFileType = sourcecode.swift; path = LoadingThumbnailView.swift; sourceTree = "<group>"; };
		C6FA67E425BA5804002A352E /* ThumbnailView.swift */ = {isa = PBXFileReference; lastKnownFileType = sourcecode.swift; path = ThumbnailView.swift; sourceTree = "<group>"; };
		C6FA67E825BA7675002A352E /* LemmyPostItem++.swift */ = {isa = PBXFileReference; lastKnownFileType = sourcecode.swift; path = "LemmyPostItem++.swift"; sourceTree = "<group>"; };
		C6FA67EC25BA769B002A352E /* LinkKind.swift */ = {isa = PBXFileReference; lastKnownFileType = sourcecode.swift; path = LinkKind.swift; sourceTree = "<group>"; };
		C6FA67F225BA76F7002A352E /* URLUtils.swift */ = {isa = PBXFileReference; lastKnownFileType = sourcecode.swift; path = URLUtils.swift; sourceTree = "<group>"; };
		C6FA67F625BA77B2002A352E /* URLUtilsTests.swift */ = {isa = PBXFileReference; lastKnownFileType = sourcecode.swift; path = URLUtilsTests.swift; sourceTree = "<group>"; };
		C6FA67FA25BA7923002A352E /* LemmyPostItem++Tests.swift */ = {isa = PBXFileReference; lastKnownFileType = sourcecode.swift; path = "LemmyPostItem++Tests.swift"; sourceTree = "<group>"; };
		C6FA67FE25BA7991002A352E /* Utils.swift */ = {isa = PBXFileReference; lastKnownFileType = sourcecode.swift; path = Utils.swift; sourceTree = "<group>"; };
		C6FA680225BA7ECA002A352E /* PostContentView.swift */ = {isa = PBXFileReference; lastKnownFileType = sourcecode.swift; path = PostContentView.swift; sourceTree = "<group>"; };
		C6FA680625BA822E002A352E /* URL++.swift */ = {isa = PBXFileReference; lastKnownFileType = sourcecode.swift; path = "URL++.swift"; sourceTree = "<group>"; };
		C6FA680E25BB2910002A352E /* 20210122_lemmy_ml_stite.json */ = {isa = PBXFileReference; lastKnownFileType = text.json; path = 20210122_lemmy_ml_stite.json; sourceTree = "<group>"; };
		C6FA681225BB295F002A352E /* LemmySite.swift */ = {isa = PBXFileReference; lastKnownFileType = sourcecode.swift; path = LemmySite.swift; sourceTree = "<group>"; };
		C6FA681625BB2CA2002A352E /* LemmySiteResponse.swift */ = {isa = PBXFileReference; lastKnownFileType = sourcecode.swift; path = LemmySiteResponse.swift; sourceTree = "<group>"; };
		C6FA681A25BB2F42002A352E /* 20210122_chapo_chat_site.json */ = {isa = PBXFileReference; lastKnownFileType = text.json; path = 20210122_chapo_chat_site.json; sourceTree = "<group>"; };
/* End PBXFileReference section */

/* Begin PBXFrameworksBuildPhase section */
		C63DF2A72530016000728E08 /* Frameworks */ = {
			isa = PBXFrameworksBuildPhase;
			buildActionMask = 2147483647;
			files = (
				C6091CE425BE013600E6CD0F /* MarkdownUI in Frameworks */,
			);
			runOnlyForDeploymentPostprocessing = 0;
		};
		C63DF2CD25313FB500728E08 /* Frameworks */ = {
			isa = PBXFrameworksBuildPhase;
			buildActionMask = 2147483647;
			files = (
			);
			runOnlyForDeploymentPostprocessing = 0;
		};
/* End PBXFrameworksBuildPhase section */

/* Begin PBXGroup section */
		C625441725B60083007F170A /* Mock Data */ = {
			isa = PBXGroup;
			children = (
				C625441825B600B9007F170A /* 20210118_lemmy_post_41391.json */,
				C625443025B685ED007F170A /* 20210118_post_list_all_hot.json */,
				C6FA680E25BB2910002A352E /* 20210122_lemmy_ml_stite.json */,
				C6FA681A25BB2F42002A352E /* 20210122_chapo_chat_site.json */,
			);
			path = "Mock Data";
			sourceTree = "<group>";
		};
		C632F65A25C72C8E00CC1FC9 /* Tidbits */ = {
			isa = PBXGroup;
			children = (
				C632F65B25C72CA200CC1FC9 /* KeyValueTidbit.swift */,
				C632F65F25C72F1600CC1FC9 /* APILevelTidbit.swift */,
				C632F66325C7330E00CC1FC9 /* ImageCellTidbit.swift */,
				C632F66925C7375C00CC1FC9 /* UsersCellTidbit.swift */,
				C632F66D25C737C700CC1FC9 /* CommunitiesCellTidbit.swift */,
				C632F67125C7383900CC1FC9 /* FederatedIntancesCellTidbit.swift */,
			);
			path = Tidbits;
			sourceTree = "<group>";
		};
		C63DF2A12530016000728E08 = {
			isa = PBXGroup;
			children = (
				C63DF2AC2530016000728E08 /* Cavy */,
				C63DF2D125313FB500728E08 /* CavyTests */,
				C63DF2AB2530016000728E08 /* Products */,
			);
			sourceTree = "<group>";
		};
		C63DF2AB2530016000728E08 /* Products */ = {
			isa = PBXGroup;
			children = (
				C63DF2AA2530016000728E08 /* Cavy.app */,
				C63DF2D025313FB500728E08 /* CavyTests.xctest */,
			);
			name = Products;
			sourceTree = "<group>";
		};
		C63DF2AC2530016000728E08 /* Cavy */ = {
			isa = PBXGroup;
			children = (
				C63DF2AD2530016000728E08 /* CavyApp.swift */,
				C6C3D88D2532473000EB7DB8 /* Views */,
				C6C3D8A325324E4B00EB7DB8 /* Entities */,
				C6D9F1172537CD7500B41CE4 /* Use Cases */,
				C659A6A925C5E8E400F12466 /* Lemmy API */,
				C6C3D88F253247B600EB7DB8 /* Lemmy Entities */,
				C6C3D88E2532478100EB7DB8 /* Utils */,
				C6C3D8942532481F00EB7DB8 /* Extensions */,
				C63DF2B12530016300728E08 /* Assets.xcassets */,
				C63DF2B62530016300728E08 /* Info.plist */,
				C63DF2B32530016300728E08 /* Preview Content */,
			);
			path = Cavy;
			sourceTree = "<group>";
		};
		C63DF2B32530016300728E08 /* Preview Content */ = {
			isa = PBXGroup;
			children = (
				C625443425B68B8E007F170A /* 20210118_post_list_all_hot.json */,
				C652705825BCA0A80014FB05 /* 20210122_lemmy_ml_site.json */,
				C63DF2B42530016300728E08 /* Preview Assets.xcassets */,
			);
			path = "Preview Content";
			sourceTree = "<group>";
		};
		C63DF2D125313FB500728E08 /* CavyTests */ = {
			isa = PBXGroup;
			children = (
				C625441725B60083007F170A /* Mock Data */,
				C659A6BA25C5FEB500F12466 /* API Compatibility Tests */,
				C625441325B5FEE9007F170A /* CommentTreeTests.swift */,
				C625442A25B65528007F170A /* DateParserTests.swift */,
				C6FA67F625BA77B2002A352E /* URLUtilsTests.swift */,
				C6FA67FA25BA7923002A352E /* LemmyPostItem++Tests.swift */,
				C6FA67FE25BA7991002A352E /* Utils.swift */,
				C63DF2D425313FB500728E08 /* Info.plist */,
				C6D9F1492537F3A100B41CE4 /* Assert.swift */,
				C6D06D3E25D06B0D004D2DA7 /* CachingDataProviderTests.swift */,
				C6F60EB525D9EE5700ACD2C4 /* KeychainUseCaseTests.swift */,
				C6D06D5125D2E4AB004D2DA7 /* secrets.json */,
			);
			path = CavyTests;
			sourceTree = "<group>";
		};
		C640772425BCC7C000B42F63 /* Communities */ = {
			isa = PBXGroup;
			children = (
				C640772525BCC7E500B42F63 /* CommunitiesView.swift */,
				C640772925BCC8C100B42F63 /* LoadableCommunitiesView.swift */,
			);
			path = Communities;
			sourceTree = "<group>";
		};
		C652708D25BCBAEB0014FB05 /* Resource */ = {
			isa = PBXGroup;
			children = (
				C6C3D8992532496E00EB7DB8 /* Resource.swift */,
				C6D9F1322537DF1500B41CE4 /* DataProvider.swift */,
				C652707925BCAE880014FB05 /* DataResource.swift */,
				C652707D25BCAF5C0014FB05 /* ParsedDataResource.swift */,
				C6091D1D25C4832800E6CD0F /* Spec.swift */,
				C659A6B425C5F37400F12466 /* APIClientSelectorResource.swift */,
				C6D06D3A25D06581004D2DA7 /* CachingDataProvider.swift */,
			);
			path = Resource;
			sourceTree = "<group>";
		};
		C652708E25BCBB7D0014FB05 /* Screens */ = {
			isa = PBXGroup;
			children = (
				C6F60EC125DB2CA400ACD2C4 /* Explore */,
				C6D06D6325D82559004D2DA7 /* Onboarding */,
				C6515D082532038900C8CEF7 /* MainTabView.swift */,
				C652709025BCBBA80014FB05 /* Listing */,
				C6FA67D725B9D3A1002A352E /* Post Detail */,
				C652709625BCBC910014FB05 /* Site Summary */,
				C640772425BCC7C000B42F63 /* Communities */,
				C652708F25BCBB8C0014FB05 /* Settings */,
			);
			path = Screens;
			sourceTree = "<group>";
		};
		C652708F25BCBB8C0014FB05 /* Settings */ = {
			isa = PBXGroup;
			children = (
				C6D9F11E2537D0A900B41CE4 /* SettingsView.swift */,
				C6D9F1222537D5B100B41CE4 /* EditHostsView.swift */,
				C6D9F1282537D83400B41CE4 /* EditInstancesView.swift */,
			);
			path = Settings;
			sourceTree = "<group>";
		};
		C652709025BCBBA80014FB05 /* Listing */ = {
			isa = PBXGroup;
			children = (
				C632F67F25C7556C00CC1FC9 /* LoadingPostListView.swift */,
				C6515CFC2532030B00C8CEF7 /* ListingView.swift */,
				C63DF2BD253001BC00728E08 /* PostItemView.swift */,
				C6D06D2C25D056A0004D2DA7 /* PostItemCellThumbnailView.swift */,
				C6D06D3025D05A4D004D2DA7 /* PostItemCellThumbnailText.swift */,
			);
			path = Listing;
			sourceTree = "<group>";
		};
		C652709525BCBC050014FB05 /* Components */ = {
			isa = PBXGroup;
			children = (
				C632F65A25C72C8E00CC1FC9 /* Tidbits */,
				C6FA67E025BA5769002A352E /* LoadingThumbnailView.swift */,
				C6FA67E425BA5804002A352E /* ThumbnailView.swift */,
				C6A7D4CF25B8866B00D5FF2E /* BulletSeperator.swift */,
				C6091CC525BCEBBB00E6CD0F /* ListCellView.swift */,
				C6091CD625BDF2EA00E6CD0F /* MarkdownText.swift */,
				C632F68B25C75E6100CC1FC9 /* ToggleSavedListIntent.swift */,
				C632F65625C7295E00CC1FC9 /* Colors.swift */,
				C6D06D7825D97449004D2DA7 /* LabeledDivider.swift */,
				C6D06D8225D9784B004D2DA7 /* FillButton.swift */,
			);
			path = Components;
			sourceTree = "<group>";
		};
		C652709625BCBC910014FB05 /* Site Summary */ = {
			isa = PBXGroup;
			children = (
				C652705425BC9EB70014FB05 /* SiteSummaryView.swift */,
				C652706D25BCAB7B0014FB05 /* SiteSummaryLoaderView.swift */,
				C632F67525C738D400CC1FC9 /* SiteKPIsRow.swift */,
				C640773425BCD02000B42F63 /* FederatedInstancesListView.swift */,
				C6F306B025BCE02300B381B1 /* UsersListView.swift */,
			);
			path = "Site Summary";
			sourceTree = "<group>";
		};
		C652709725BCBCBE0014FB05 /* Composables */ = {
			isa = PBXGroup;
			children = (
				C652708525BCB4820014FB05 /* Loader.swift */,
				C6515D182532268600C8CEF7 /* LoadStateView.swift */,
				C6D06D9425D98C98004D2DA7 /* InstanceSiteLoader.swift */,
			);
			path = Composables;
			sourceTree = "<group>";
		};
		C659A6A925C5E8E400F12466 /* Lemmy API */ = {
			isa = PBXGroup;
			children = (
				C6091D3125C48D4400E6CD0F /* LemmyAPIClient.swift */,
				C6091D2325C487F900E6CD0F /* LemmyV1Spec.swift */,
				C6091D0325C473B800E6CD0F /* LemmyV2Spec.swift */,
				C6515CF22531606E00C8CEF7 /* LemmyAPIFactory.swift */,
			);
			path = "Lemmy API";
			sourceTree = "<group>";
		};
		C659A6BA25C5FEB500F12466 /* API Compatibility Tests */ = {
			isa = PBXGroup;
			children = (
				C6091D2725C4881700E6CD0F /* LemmyV1SpecTests.swift */,
				C6091D0925C4759800E6CD0F /* LemmyV2SpecTests.swift */,
				C659A6B025C5F14C00F12466 /* SelectLemmyAPIVersionUseCaseTests.swift */,
			);
			path = "API Compatibility Tests";
			sourceTree = "<group>";
		};
		C6C3D88D2532473000EB7DB8 /* Views */ = {
			isa = PBXGroup;
			children = (
				C652708E25BCBB7D0014FB05 /* Screens */,
				C652709525BCBC050014FB05 /* Components */,
				C652709725BCBCBE0014FB05 /* Composables */,
				C6D9F103253257C300B41CE4 /* SafariView.swift */,
			);
			path = Views;
			sourceTree = "<group>";
		};
		C6C3D88E2532478100EB7DB8 /* Utils */ = {
			isa = PBXGroup;
			children = (
				C652708D25BCBAEB0014FB05 /* Resource */,
				C6515D14253222F900C8CEF7 /* LoadState.swift */,
				C6D9F1362537E16700B41CE4 /* PlainError.swift */,
				C625442225B65137007F170A /* DateParser.swift */,
				C6FA67F225BA76F7002A352E /* URLUtils.swift */,
				C6D06D9025D98B62004D2DA7 /* Classy.swift */,
			);
			path = Utils;
			sourceTree = "<group>";
		};
		C6C3D88F253247B600EB7DB8 /* Lemmy Entities */ = {
			isa = PBXGroup;
			children = (
				C6FA681225BB295F002A352E /* LemmySite.swift */,
				C6FA681625BB2CA2002A352E /* LemmySiteResponse.swift */,
				C6091D1925C4813200E6CD0F /* LemmySiteResponseV2.swift */,
				C63DF2C925313E3200728E08 /* LemmyPostItem.swift */,
				C6515CE62531454700C8CEF7 /* LemmyCommunity.swift */,
				C6515CEE2531601800C8CEF7 /* LemmyPostItemResponse.swift */,
				C6091D0D25C4797900E6CD0F /* LemmyPostItemResponseV2.swift */,
				C6091D1125C4799400E6CD0F /* LemmyPostItemSummary.swift */,
				C6515CEA2531479400C8CEF7 /* LemmyCommunitiesResponse.swift */,
				C6091CF125C46ED600E6CD0F /* LemmyCommunitiesResponseV2.swift */,
				C6091CF525C46F0300E6CD0F /* LemmyCommunitySummary.swift */,
				C6091CF925C46F1A00E6CD0F /* LemmyCategory.swift */,
				C6D9F1072532641D00B41CE4 /* LemmyPostResponse.swift */,
				C6091D1525C47C7800E6CD0F /* LemmyPostResponseV2.swift */,
				C6D9F10F2532652500B41CE4 /* LemmyComment.swift */,
				C6D9F1132532654700B41CE4 /* LemmyUser.swift */,
				C652705025BC99A80014FB05 /* LemmyModerator.swift */,
				C6D06D4925D2E0C8004D2DA7 /* LemmyLoginRequest.swift */,
				C6D06D4D25D2E0F8004D2DA7 /* LemmyLoginResponse.swift */,
			);
			path = "Lemmy Entities";
			sourceTree = "<group>";
		};
		C6C3D8942532481F00EB7DB8 /* Extensions */ = {
			isa = PBXGroup;
			children = (
				C6D06D4625D1893F004D2DA7 /* Previews */,
				C6515CF825316A6A00C8CEF7 /* URLSession++.swift */,
				C6FA680625BA822E002A352E /* URL++.swift */,
				C62543FB25B4AD78007F170A /* Decodable++.swift */,
				C625442625B65220007F170A /* LemmyComment++.swift */,
				C6FA67E825BA7675002A352E /* LemmyPostItem++.swift */,
			);
			path = Extensions;
			sourceTree = "<group>";
		};
		C6C3D8A325324E4B00EB7DB8 /* Entities */ = {
			isa = PBXGroup;
			children = (
				C63DF2C325313DE000728E08 /* RootModel.swift */,
				C659A6BF25C6004600F12466 /* ClientStore.swift */,
				C659A6C725C601A200F12466 /* ListingIntentStore.swift */,
				C659A6C325C6009000F12466 /* ListingDescriptor.swift */,
				C63DF2C0253001CC00728E08 /* CavyPost.swift */,
				C6091D4025C4B4FC00E6CD0F /* CavyComment.swift */,
				C659A69D25C5D4B000F12466 /* CavySite.swift */,
				C659A6A125C5DF4100F12466 /* CavyUser.swift */,
				C659A6A525C5E3AC00F12466 /* CavyCommunity.swift */,
				C6FA67EC25BA769B002A352E /* LinkKind.swift */,
				C62543ED25B4A249007F170A /* PostModel.swift */,
				C62543FF25B4BC48007F170A /* Node.swift */,
				C625440B25B4BFEA007F170A /* CommentTree.swift */,
				C625440F25B4BFF5007F170A /* ThreadedComment.swift */,
				C632F67B25C74E5700CC1FC9 /* ListingIntent.swift */,
			);
			path = Entities;
			sourceTree = "<group>";
		};
		C6D06D4625D1893F004D2DA7 /* Previews */ = {
			isa = PBXGroup;
			children = (
				C6F306B425BCE08600B381B1 /* LemmySiteResponsePreviews.swift */,
				C6091D3C25C4AF6C00E6CD0F /* LemmyPostItemPreviews.swift */,
			);
			path = Previews;
			sourceTree = "<group>";
		};
		C6D06D6325D82559004D2DA7 /* Onboarding */ = {
			isa = PBXGroup;
			children = (
				C6D06D8625D97B71004D2DA7 /* OnboardingNavigationView.swift */,
				C6D06D6425D82570004D2DA7 /* OnboardingScreen.swift */,
				C6D06D6A25D8279D004D2DA7 /* WelcomeToCavyPage.swift */,
				C6D06D6E25D82EEA004D2DA7 /* ChooseInstancePage.swift */,
				C6D06D8C25D989D9004D2DA7 /* InstancePreviewScreen.swift */,
				C6F60EB925DAE55A00ACD2C4 /* AddInstanceScreen.swift */,
				C6F60EBD25DB216600ACD2C4 /* LoginForm.swift */,
			);
			path = Onboarding;
			sourceTree = "<group>";
		};
		C6D9F1172537CD7500B41CE4 /* Use Cases */ = {
			isa = PBXGroup;
			children = (
				C6D9F1182537CD8F00B41CE4 /* EditHostsUseCase.swift */,
				C625440525B4BCBF007F170A /* CommentTreeUseCase.swift */,
				C659A6AC25C5EB0E00F12466 /* SelectLemmyAPIVersionUseCase.swift */,
				C6F60EB125D9DE1E00ACD2C4 /* KeychainUseCase.swift */,
			);
			path = "Use Cases";
			sourceTree = "<group>";
		};
		C6F60EC125DB2CA400ACD2C4 /* Explore */ = {
			isa = PBXGroup;
			children = (
				C6091CCD25BDE22300E6CD0F /* SavedInstanceExplorerView.swift */,
				C6F60EC425DB2D3300ACD2C4 /* AddAnotherInstanceView.swift */,
			);
			path = Explore;
			sourceTree = "<group>";
		};
		C6FA67D725B9D3A1002A352E /* Post Detail */ = {
			isa = PBXGroup;
			children = (
				C6C3D8B2253253BF00EB7DB8 /* PostDetailView.swift */,
				C6FA680225BA7ECA002A352E /* PostContentView.swift */,
				C6FA67DC25B9D3F5002A352E /* ArticleSummaryView.swift */,
				C62543E925B4A1F1007F170A /* CommentsListView.swift */,
				C62543F125B4ABED007F170A /* CommentView.swift */,
			);
			path = "Post Detail";
			sourceTree = "<group>";
		};
/* End PBXGroup section */

/* Begin PBXNativeTarget section */
		C63DF2A92530016000728E08 /* Cavy */ = {
			isa = PBXNativeTarget;
			buildConfigurationList = C63DF2B92530016300728E08 /* Build configuration list for PBXNativeTarget "Cavy" */;
			buildPhases = (
				C63DF2A62530016000728E08 /* Sources */,
				C63DF2A72530016000728E08 /* Frameworks */,
				C63DF2A82530016000728E08 /* Resources */,
			);
			buildRules = (
			);
			dependencies = (
			);
			name = Cavy;
			packageProductDependencies = (
				C6091CE325BE013600E6CD0F /* MarkdownUI */,
			);
			productName = LemmyApp;
			productReference = C63DF2AA2530016000728E08 /* Cavy.app */;
			productType = "com.apple.product-type.application";
		};
		C63DF2CF25313FB500728E08 /* CavyTests */ = {
			isa = PBXNativeTarget;
			buildConfigurationList = C63DF2D725313FB500728E08 /* Build configuration list for PBXNativeTarget "CavyTests" */;
			buildPhases = (
				C6D06D5C25D6D897004D2DA7 /* ShellScript */,
				C63DF2CC25313FB500728E08 /* Sources */,
				C63DF2CD25313FB500728E08 /* Frameworks */,
				C63DF2CE25313FB500728E08 /* Resources */,
			);
			buildRules = (
			);
			dependencies = (
				C63DF2D625313FB500728E08 /* PBXTargetDependency */,
			);
			name = CavyTests;
			productName = LemmyAppTests;
			productReference = C63DF2D025313FB500728E08 /* CavyTests.xctest */;
			productType = "com.apple.product-type.bundle.unit-test";
		};
/* End PBXNativeTarget section */

/* Begin PBXProject section */
		C63DF2A22530016000728E08 /* Project object */ = {
			isa = PBXProject;
			attributes = {
				LastSwiftUpdateCheck = 1200;
				LastUpgradeCheck = 1200;
				TargetAttributes = {
					C63DF2A92530016000728E08 = {
						CreatedOnToolsVersion = 12.0.1;
					};
					C63DF2CF25313FB500728E08 = {
						CreatedOnToolsVersion = 12.0.1;
						TestTargetID = C63DF2A92530016000728E08;
					};
				};
			};
			buildConfigurationList = C63DF2A52530016000728E08 /* Build configuration list for PBXProject "Cavy" */;
			compatibilityVersion = "Xcode 9.3";
			developmentRegion = en;
			hasScannedForEncodings = 0;
			knownRegions = (
				en,
				Base,
			);
			mainGroup = C63DF2A12530016000728E08;
			packageReferences = (
				C6091CE225BE013600E6CD0F /* XCRemoteSwiftPackageReference "MarkdownUI" */,
			);
			productRefGroup = C63DF2AB2530016000728E08 /* Products */;
			projectDirPath = "";
			projectRoot = "";
			targets = (
				C63DF2A92530016000728E08 /* Cavy */,
				C63DF2CF25313FB500728E08 /* CavyTests */,
			);
		};
/* End PBXProject section */

/* Begin PBXResourcesBuildPhase section */
		C63DF2A82530016000728E08 /* Resources */ = {
			isa = PBXResourcesBuildPhase;
			buildActionMask = 2147483647;
			files = (
				C63DF2B52530016300728E08 /* Preview Assets.xcassets in Resources */,
				C652705C25BCA1490014FB05 /* 20210118_post_list_all_hot.json in Resources */,
				C652705925BCA1460014FB05 /* 20210122_lemmy_ml_site.json in Resources */,
				C63DF2B22530016300728E08 /* Assets.xcassets in Resources */,
			);
			runOnlyForDeploymentPostprocessing = 0;
		};
		C63DF2CE25313FB500728E08 /* Resources */ = {
			isa = PBXResourcesBuildPhase;
			buildActionMask = 2147483647;
			files = (
				C6FA681B25BB2F42002A352E /* 20210122_chapo_chat_site.json in Resources */,
				C625443125B685ED007F170A /* 20210118_post_list_all_hot.json in Resources */,
				C625441925B600B9007F170A /* 20210118_lemmy_post_41391.json in Resources */,
				C6D06D5225D2E4AB004D2DA7 /* secrets.json in Resources */,
				C6FA680F25BB2910002A352E /* 20210122_lemmy_ml_stite.json in Resources */,
			);
			runOnlyForDeploymentPostprocessing = 0;
		};
/* End PBXResourcesBuildPhase section */

/* Begin PBXShellScriptBuildPhase section */
		C6D06D5C25D6D897004D2DA7 /* ShellScript */ = {
			isa = PBXShellScriptBuildPhase;
			buildActionMask = 2147483647;
			files = (
			);
			inputFileListPaths = (
			);
			inputPaths = (
			);
			outputFileListPaths = (
			);
			outputPaths = (
			);
			runOnlyForDeploymentPostprocessing = 0;
			shellPath = /bin/sh;
			shellScript = "# This initializes the secrets.json file to an empty file\n# (Otherwise the combile would fail due to a missing file)\ntouch ${SRCROOT}/CavyTests/secrets.json\n";
		};
/* End PBXShellScriptBuildPhase section */

/* Begin PBXSourcesBuildPhase section */
		C63DF2A62530016000728E08 /* Sources */ = {
			isa = PBXSourcesBuildPhase;
			buildActionMask = 2147483647;
			files = (
				C659A6C825C601A200F12466 /* ListingIntentStore.swift in Sources */,
				C632F65725C7295E00CC1FC9 /* Colors.swift in Sources */,
				C652705125BC99A80014FB05 /* LemmyModerator.swift in Sources */,
				C6D9F1372537E16700B41CE4 /* PlainError.swift in Sources */,
				C632F65C25C72CA200CC1FC9 /* KeyValueTidbit.swift in Sources */,
				C6515CE72531454700C8CEF7 /* LemmyCommunity.swift in Sources */,
				C6091D0425C473B800E6CD0F /* LemmyV2Spec.swift in Sources */,
				C63DF2BE253001BC00728E08 /* PostItemView.swift in Sources */,
				C63DF2C1253001CC00728E08 /* CavyPost.swift in Sources */,
				C6D9F1102532652500B41CE4 /* LemmyComment.swift in Sources */,
				C63DF2C425313DE000728E08 /* RootModel.swift in Sources */,
				C632F67625C738D400CC1FC9 /* SiteKPIsRow.swift in Sources */,
				C6F306B125BCE02300B381B1 /* UsersListView.swift in Sources */,
				C6091D3D25C4AF6C00E6CD0F /* LemmyPostItemPreviews.swift in Sources */,
				C6D06D3B25D06581004D2DA7 /* CachingDataProvider.swift in Sources */,
				C63DF2AE2530016000728E08 /* CavyApp.swift in Sources */,
				C625440C25B4BFEA007F170A /* CommentTree.swift in Sources */,
				C6F60EB225D9DE1E00ACD2C4 /* KeychainUseCase.swift in Sources */,
				C6D06D6B25D8279D004D2DA7 /* WelcomeToCavyPage.swift in Sources */,
				C659A6AD25C5EB0E00F12466 /* SelectLemmyAPIVersionUseCase.swift in Sources */,
				C6515CEF2531601800C8CEF7 /* LemmyPostItemResponse.swift in Sources */,
				C6D06D8325D9784B004D2DA7 /* FillButton.swift in Sources */,
				C6091D1225C4799400E6CD0F /* LemmyPostItemSummary.swift in Sources */,
				C6D06D9125D98B62004D2DA7 /* Classy.swift in Sources */,
				C652706E25BCAB7B0014FB05 /* SiteSummaryLoaderView.swift in Sources */,
				C640773525BCD02000B42F63 /* FederatedInstancesListView.swift in Sources */,
				C6091CF625C46F0300E6CD0F /* LemmyCommunitySummary.swift in Sources */,
				C632F66A25C7375C00CC1FC9 /* UsersCellTidbit.swift in Sources */,
				C6FA67E925BA7675002A352E /* LemmyPostItem++.swift in Sources */,
				C62543EE25B4A249007F170A /* PostModel.swift in Sources */,
				C6FA67E525BA5804002A352E /* ThumbnailView.swift in Sources */,
				C6D06D9525D98C98004D2DA7 /* InstanceSiteLoader.swift in Sources */,
				C6515CFD2532030B00C8CEF7 /* ListingView.swift in Sources */,
				C6D06D2D25D056A0004D2DA7 /* PostItemCellThumbnailView.swift in Sources */,
				C6FA680325BA7ECA002A352E /* PostContentView.swift in Sources */,
				C6091D1A25C4813200E6CD0F /* LemmySiteResponseV2.swift in Sources */,
				C6515D092532038900C8CEF7 /* MainTabView.swift in Sources */,
				C625440625B4BCBF007F170A /* CommentTreeUseCase.swift in Sources */,
				C6F306B525BCE08600B381B1 /* LemmySiteResponsePreviews.swift in Sources */,
				C6091CD725BDF2EA00E6CD0F /* MarkdownText.swift in Sources */,
				C6515CEB2531479400C8CEF7 /* LemmyCommunitiesResponse.swift in Sources */,
				C6D9F1332537DF1500B41CE4 /* DataProvider.swift in Sources */,
				C6D06D8725D97B71004D2DA7 /* OnboardingNavigationView.swift in Sources */,
				C6D06D8D25D989D9004D2DA7 /* InstancePreviewScreen.swift in Sources */,
				C62543EA25B4A1F1007F170A /* CommentsListView.swift in Sources */,
				C640772A25BCC8C100B42F63 /* LoadableCommunitiesView.swift in Sources */,
				C6C3D89A2532496E00EB7DB8 /* Resource.swift in Sources */,
				C6091D3225C48D4400E6CD0F /* LemmyAPIClient.swift in Sources */,
				C6FA681725BB2CA2002A352E /* LemmySiteResponse.swift in Sources */,
				C6FA681325BB295F002A352E /* LemmySite.swift in Sources */,
				C659A69E25C5D4B000F12466 /* CavySite.swift in Sources */,
				C632F66025C72F1600CC1FC9 /* APILevelTidbit.swift in Sources */,
				C640772625BCC7E500B42F63 /* CommunitiesView.swift in Sources */,
				C632F68C25C75E6100CC1FC9 /* ToggleSavedListIntent.swift in Sources */,
				C6D9F1292537D83400B41CE4 /* EditInstancesView.swift in Sources */,
				C659A6A625C5E3AC00F12466 /* CavyCommunity.swift in Sources */,
				C652708625BCB4820014FB05 /* Loader.swift in Sources */,
				C6D06D6F25D82EEA004D2DA7 /* ChooseInstancePage.swift in Sources */,
				C652705525BC9EB70014FB05 /* SiteSummaryView.swift in Sources */,
				C6091D2425C487F900E6CD0F /* LemmyV1Spec.swift in Sources */,
				C6091D1625C47C7800E6CD0F /* LemmyPostResponseV2.swift in Sources */,
				C632F66425C7330E00CC1FC9 /* ImageCellTidbit.swift in Sources */,
				C6091D0E25C4797900E6CD0F /* LemmyPostItemResponseV2.swift in Sources */,
				C62543FC25B4AD78007F170A /* Decodable++.swift in Sources */,
				C659A6B525C5F37400F12466 /* APIClientSelectorResource.swift in Sources */,
				C62543F225B4ABED007F170A /* CommentView.swift in Sources */,
				C659A6C025C6004600F12466 /* ClientStore.swift in Sources */,
				C6091D1E25C4832800E6CD0F /* Spec.swift in Sources */,
				C6D9F104253257C300B41CE4 /* SafariView.swift in Sources */,
				C632F67225C7383900CC1FC9 /* FederatedIntancesCellTidbit.swift in Sources */,
				C6D9F1142532654700B41CE4 /* LemmyUser.swift in Sources */,
				C6091CC625BCEBBB00E6CD0F /* ListCellView.swift in Sources */,
				C6515CF32531606E00C8CEF7 /* LemmyAPIFactory.swift in Sources */,
				C659A6C425C6009000F12466 /* ListingDescriptor.swift in Sources */,
				C6D9F1082532641D00B41CE4 /* LemmyPostResponse.swift in Sources */,
				C6F60EBE25DB216600ACD2C4 /* LoginForm.swift in Sources */,
				C6D9F1192537CD8F00B41CE4 /* EditHostsUseCase.swift in Sources */,
				C6091CFA25C46F1A00E6CD0F /* LemmyCategory.swift in Sources */,
				C6F60EBA25DAE55A00ACD2C4 /* AddInstanceScreen.swift in Sources */,
				C6091CCE25BDE22300E6CD0F /* SavedInstanceExplorerView.swift in Sources */,
				C6515D15253222F900C8CEF7 /* LoadState.swift in Sources */,
				C6091D4125C4B4FC00E6CD0F /* CavyComment.swift in Sources */,
				C6515D192532268600C8CEF7 /* LoadStateView.swift in Sources */,
				C632F66E25C737C700CC1FC9 /* CommunitiesCellTidbit.swift in Sources */,
				C625440025B4BC48007F170A /* Node.swift in Sources */,
				C659A6A225C5DF4100F12466 /* CavyUser.swift in Sources */,
				C6D9F11F2537D0A900B41CE4 /* SettingsView.swift in Sources */,
				C6D06D6525D82570004D2DA7 /* OnboardingScreen.swift in Sources */,
				C6091CF225C46ED600E6CD0F /* LemmyCommunitiesResponseV2.swift in Sources */,
				C6D06D7925D97449004D2DA7 /* LabeledDivider.swift in Sources */,
				C6FA67DD25B9D3F5002A352E /* ArticleSummaryView.swift in Sources */,
				C6FA67E125BA5769002A352E /* LoadingThumbnailView.swift in Sources */,
				C625441025B4BFF5007F170A /* ThreadedComment.swift in Sources */,
				C652707E25BCAF5C0014FB05 /* ParsedDataResource.swift in Sources */,
				C6A7D4D025B8866B00D5FF2E /* BulletSeperator.swift in Sources */,
				C6D06D4E25D2E0F8004D2DA7 /* LemmyLoginResponse.swift in Sources */,
				C6FA680725BA822E002A352E /* URL++.swift in Sources */,
				C652707A25BCAE880014FB05 /* DataResource.swift in Sources */,
				C6D06D4A25D2E0C8004D2DA7 /* LemmyLoginRequest.swift in Sources */,
				C625442725B65220007F170A /* LemmyComment++.swift in Sources */,
				C6F60EC525DB2D3300ACD2C4 /* AddAnotherInstanceView.swift in Sources */,
				C6D9F1232537D5B100B41CE4 /* EditHostsView.swift in Sources */,
				C6C3D8B3253253BF00EB7DB8 /* PostDetailView.swift in Sources */,
				C6D06D3125D05A4D004D2DA7 /* PostItemCellThumbnailText.swift in Sources */,
				C632F67C25C74E5700CC1FC9 /* ListingIntent.swift in Sources */,
				C6FA67ED25BA769B002A352E /* LinkKind.swift in Sources */,
				C632F68025C7556C00CC1FC9 /* LoadingPostListView.swift in Sources */,
				C6515CF925316A6A00C8CEF7 /* URLSession++.swift in Sources */,
				C6FA67F325BA76F7002A352E /* URLUtils.swift in Sources */,
				C625442325B65137007F170A /* DateParser.swift in Sources */,
				C63DF2CA25313E3200728E08 /* LemmyPostItem.swift in Sources */,
			);
			runOnlyForDeploymentPostprocessing = 0;
		};
		C63DF2CC25313FB500728E08 /* Sources */ = {
			isa = PBXSourcesBuildPhase;
			buildActionMask = 2147483647;
			files = (
				C625442B25B65528007F170A /* DateParserTests.swift in Sources */,
				C6091D0A25C4759800E6CD0F /* LemmyV2SpecTests.swift in Sources */,
				C6D06D3F25D06B0D004D2DA7 /* CachingDataProviderTests.swift in Sources */,
				C6D9F13A2537F04300B41CE4 /* DataProvider.swift in Sources */,
				C6091D2825C4881700E6CD0F /* LemmyV1SpecTests.swift in Sources */,
				C6D9F1462537F05400B41CE4 /* LoadState.swift in Sources */,
				C6D9F1432537F05100B41CE4 /* Resource.swift in Sources */,
				C6FA67FB25BA7923002A352E /* LemmyPostItem++Tests.swift in Sources */,
				C6D9F14A2537F3A100B41CE4 /* Assert.swift in Sources */,
				C6FA67F725BA77B2002A352E /* URLUtilsTests.swift in Sources */,
				C659A6B125C5F14C00F12466 /* SelectLemmyAPIVersionUseCaseTests.swift in Sources */,
				C6D9F13D2537F04700B41CE4 /* PlainError.swift in Sources */,
				C625441425B5FEE9007F170A /* CommentTreeTests.swift in Sources */,
				C6F60EB625D9EE5700ACD2C4 /* KeychainUseCaseTests.swift in Sources */,
				C6FA67FF25BA7991002A352E /* Utils.swift in Sources */,
			);
			runOnlyForDeploymentPostprocessing = 0;
		};
/* End PBXSourcesBuildPhase section */

/* Begin PBXTargetDependency section */
		C63DF2D625313FB500728E08 /* PBXTargetDependency */ = {
			isa = PBXTargetDependency;
			target = C63DF2A92530016000728E08 /* Cavy */;
			targetProxy = C63DF2D525313FB500728E08 /* PBXContainerItemProxy */;
		};
/* End PBXTargetDependency section */

/* Begin XCBuildConfiguration section */
		C63DF2B72530016300728E08 /* Debug */ = {
			isa = XCBuildConfiguration;
			buildSettings = {
				ALWAYS_SEARCH_USER_PATHS = NO;
				CLANG_ANALYZER_NONNULL = YES;
				CLANG_ANALYZER_NUMBER_OBJECT_CONVERSION = YES_AGGRESSIVE;
				CLANG_CXX_LANGUAGE_STANDARD = "gnu++14";
				CLANG_CXX_LIBRARY = "libc++";
				CLANG_ENABLE_MODULES = YES;
				CLANG_ENABLE_OBJC_ARC = YES;
				CLANG_ENABLE_OBJC_WEAK = YES;
				CLANG_WARN_BLOCK_CAPTURE_AUTORELEASING = YES;
				CLANG_WARN_BOOL_CONVERSION = YES;
				CLANG_WARN_COMMA = YES;
				CLANG_WARN_CONSTANT_CONVERSION = YES;
				CLANG_WARN_DEPRECATED_OBJC_IMPLEMENTATIONS = YES;
				CLANG_WARN_DIRECT_OBJC_ISA_USAGE = YES_ERROR;
				CLANG_WARN_DOCUMENTATION_COMMENTS = YES;
				CLANG_WARN_EMPTY_BODY = YES;
				CLANG_WARN_ENUM_CONVERSION = YES;
				CLANG_WARN_INFINITE_RECURSION = YES;
				CLANG_WARN_INT_CONVERSION = YES;
				CLANG_WARN_NON_LITERAL_NULL_CONVERSION = YES;
				CLANG_WARN_OBJC_IMPLICIT_RETAIN_SELF = YES;
				CLANG_WARN_OBJC_LITERAL_CONVERSION = YES;
				CLANG_WARN_OBJC_ROOT_CLASS = YES_ERROR;
				CLANG_WARN_QUOTED_INCLUDE_IN_FRAMEWORK_HEADER = YES;
				CLANG_WARN_RANGE_LOOP_ANALYSIS = YES;
				CLANG_WARN_STRICT_PROTOTYPES = YES;
				CLANG_WARN_SUSPICIOUS_MOVE = YES;
				CLANG_WARN_UNGUARDED_AVAILABILITY = YES_AGGRESSIVE;
				CLANG_WARN_UNREACHABLE_CODE = YES;
				CLANG_WARN__DUPLICATE_METHOD_MATCH = YES;
				COPY_PHASE_STRIP = NO;
				DEBUG_INFORMATION_FORMAT = dwarf;
				ENABLE_STRICT_OBJC_MSGSEND = YES;
				ENABLE_TESTABILITY = YES;
				GCC_C_LANGUAGE_STANDARD = gnu11;
				GCC_DYNAMIC_NO_PIC = NO;
				GCC_NO_COMMON_BLOCKS = YES;
				GCC_OPTIMIZATION_LEVEL = 0;
				GCC_PREPROCESSOR_DEFINITIONS = (
					"DEBUG=1",
					"$(inherited)",
				);
				GCC_WARN_64_TO_32_BIT_CONVERSION = YES;
				GCC_WARN_ABOUT_RETURN_TYPE = YES_ERROR;
				GCC_WARN_UNDECLARED_SELECTOR = YES;
				GCC_WARN_UNINITIALIZED_AUTOS = YES_AGGRESSIVE;
				GCC_WARN_UNUSED_FUNCTION = YES;
				GCC_WARN_UNUSED_VARIABLE = YES;
				IPHONEOS_DEPLOYMENT_TARGET = 14.0;
				MTL_ENABLE_DEBUG_INFO = INCLUDE_SOURCE;
				MTL_FAST_MATH = YES;
				ONLY_ACTIVE_ARCH = YES;
				SDKROOT = iphoneos;
				SWIFT_ACTIVE_COMPILATION_CONDITIONS = DEBUG;
				SWIFT_OPTIMIZATION_LEVEL = "-Onone";
			};
			name = Debug;
		};
		C63DF2B82530016300728E08 /* Release */ = {
			isa = XCBuildConfiguration;
			buildSettings = {
				ALWAYS_SEARCH_USER_PATHS = NO;
				CLANG_ANALYZER_NONNULL = YES;
				CLANG_ANALYZER_NUMBER_OBJECT_CONVERSION = YES_AGGRESSIVE;
				CLANG_CXX_LANGUAGE_STANDARD = "gnu++14";
				CLANG_CXX_LIBRARY = "libc++";
				CLANG_ENABLE_MODULES = YES;
				CLANG_ENABLE_OBJC_ARC = YES;
				CLANG_ENABLE_OBJC_WEAK = YES;
				CLANG_WARN_BLOCK_CAPTURE_AUTORELEASING = YES;
				CLANG_WARN_BOOL_CONVERSION = YES;
				CLANG_WARN_COMMA = YES;
				CLANG_WARN_CONSTANT_CONVERSION = YES;
				CLANG_WARN_DEPRECATED_OBJC_IMPLEMENTATIONS = YES;
				CLANG_WARN_DIRECT_OBJC_ISA_USAGE = YES_ERROR;
				CLANG_WARN_DOCUMENTATION_COMMENTS = YES;
				CLANG_WARN_EMPTY_BODY = YES;
				CLANG_WARN_ENUM_CONVERSION = YES;
				CLANG_WARN_INFINITE_RECURSION = YES;
				CLANG_WARN_INT_CONVERSION = YES;
				CLANG_WARN_NON_LITERAL_NULL_CONVERSION = YES;
				CLANG_WARN_OBJC_IMPLICIT_RETAIN_SELF = YES;
				CLANG_WARN_OBJC_LITERAL_CONVERSION = YES;
				CLANG_WARN_OBJC_ROOT_CLASS = YES_ERROR;
				CLANG_WARN_QUOTED_INCLUDE_IN_FRAMEWORK_HEADER = YES;
				CLANG_WARN_RANGE_LOOP_ANALYSIS = YES;
				CLANG_WARN_STRICT_PROTOTYPES = YES;
				CLANG_WARN_SUSPICIOUS_MOVE = YES;
				CLANG_WARN_UNGUARDED_AVAILABILITY = YES_AGGRESSIVE;
				CLANG_WARN_UNREACHABLE_CODE = YES;
				CLANG_WARN__DUPLICATE_METHOD_MATCH = YES;
				COPY_PHASE_STRIP = NO;
				DEBUG_INFORMATION_FORMAT = "dwarf-with-dsym";
				ENABLE_NS_ASSERTIONS = NO;
				ENABLE_STRICT_OBJC_MSGSEND = YES;
				GCC_C_LANGUAGE_STANDARD = gnu11;
				GCC_NO_COMMON_BLOCKS = YES;
				GCC_WARN_64_TO_32_BIT_CONVERSION = YES;
				GCC_WARN_ABOUT_RETURN_TYPE = YES_ERROR;
				GCC_WARN_UNDECLARED_SELECTOR = YES;
				GCC_WARN_UNINITIALIZED_AUTOS = YES_AGGRESSIVE;
				GCC_WARN_UNUSED_FUNCTION = YES;
				GCC_WARN_UNUSED_VARIABLE = YES;
				IPHONEOS_DEPLOYMENT_TARGET = 14.0;
				MTL_ENABLE_DEBUG_INFO = NO;
				MTL_FAST_MATH = YES;
				SDKROOT = iphoneos;
				SWIFT_COMPILATION_MODE = wholemodule;
				SWIFT_OPTIMIZATION_LEVEL = "-O";
				VALIDATE_PRODUCT = YES;
			};
			name = Release;
		};
		C63DF2BA2530016300728E08 /* Debug */ = {
			isa = XCBuildConfiguration;
			buildSettings = {
				ASSETCATALOG_COMPILER_APPICON_NAME = AppIconBlue;
				ASSETCATALOG_COMPILER_GLOBAL_ACCENT_COLOR_NAME = AccentColor;
				CODE_SIGN_STYLE = Automatic;
				DEVELOPMENT_ASSET_PATHS = "\"Cavy/Preview Content\"";
				DEVELOPMENT_TEAM = BU7LJXTUEW;
				ENABLE_PREVIEWS = YES;
				INFOPLIST_FILE = Cavy/Info.plist;
				IPHONEOS_DEPLOYMENT_TARGET = 14.0;
				LD_RUNPATH_SEARCH_PATHS = (
					"$(inherited)",
					"@executable_path/Frameworks",
				);
				PRODUCT_BUNDLE_IDENTIFIER = com.averypierce.Cavy;
				PRODUCT_NAME = "$(TARGET_NAME)";
				SWIFT_VERSION = 5.0;
				TARGETED_DEVICE_FAMILY = "1,2";
			};
			name = Debug;
		};
		C63DF2BB2530016300728E08 /* Release */ = {
			isa = XCBuildConfiguration;
			buildSettings = {
				ASSETCATALOG_COMPILER_APPICON_NAME = AppIconBlue;
				ASSETCATALOG_COMPILER_GLOBAL_ACCENT_COLOR_NAME = AccentColor;
				CODE_SIGN_STYLE = Automatic;
				DEVELOPMENT_ASSET_PATHS = "\"Cavy/Preview Content\"";
				DEVELOPMENT_TEAM = BU7LJXTUEW;
				ENABLE_PREVIEWS = YES;
				INFOPLIST_FILE = Cavy/Info.plist;
				IPHONEOS_DEPLOYMENT_TARGET = 14.0;
				LD_RUNPATH_SEARCH_PATHS = (
					"$(inherited)",
					"@executable_path/Frameworks",
				);
				PRODUCT_BUNDLE_IDENTIFIER = com.averypierce.Cavy;
				PRODUCT_NAME = "$(TARGET_NAME)";
				SWIFT_VERSION = 5.0;
				TARGETED_DEVICE_FAMILY = "1,2";
			};
			name = Release;
		};
		C63DF2D825313FB500728E08 /* Debug */ = {
			isa = XCBuildConfiguration;
			buildSettings = {
				BUNDLE_LOADER = "$(TEST_HOST)";
				CODE_SIGN_STYLE = Automatic;
				DEVELOPMENT_TEAM = BU7LJXTUEW;
				INFOPLIST_FILE = CavyTests/Info.plist;
				LD_RUNPATH_SEARCH_PATHS = (
					"$(inherited)",
					"@executable_path/Frameworks",
					"@loader_path/Frameworks",
				);
				PRODUCT_BUNDLE_IDENTIFIER = com.averypierce.CavyTests;
				PRODUCT_NAME = "$(TARGET_NAME)";
				SWIFT_VERSION = 5.0;
				TARGETED_DEVICE_FAMILY = "1,2";
				TEST_HOST = "$(BUILT_PRODUCTS_DIR)/Cavy.app/Cavy";
			};
			name = Debug;
		};
		C63DF2D925313FB500728E08 /* Release */ = {
			isa = XCBuildConfiguration;
			buildSettings = {
				BUNDLE_LOADER = "$(TEST_HOST)";
				CODE_SIGN_STYLE = Automatic;
				DEVELOPMENT_TEAM = BU7LJXTUEW;
				INFOPLIST_FILE = CavyTests/Info.plist;
				LD_RUNPATH_SEARCH_PATHS = (
					"$(inherited)",
					"@executable_path/Frameworks",
					"@loader_path/Frameworks",
				);
				PRODUCT_BUNDLE_IDENTIFIER = com.averypierce.CavyTests;
				PRODUCT_NAME = "$(TARGET_NAME)";
				SWIFT_VERSION = 5.0;
				TARGETED_DEVICE_FAMILY = "1,2";
				TEST_HOST = "$(BUILT_PRODUCTS_DIR)/Cavy.app/Cavy";
			};
			name = Release;
		};
/* End XCBuildConfiguration section */

/* Begin XCConfigurationList section */
		C63DF2A52530016000728E08 /* Build configuration list for PBXProject "Cavy" */ = {
			isa = XCConfigurationList;
			buildConfigurations = (
				C63DF2B72530016300728E08 /* Debug */,
				C63DF2B82530016300728E08 /* Release */,
			);
			defaultConfigurationIsVisible = 0;
			defaultConfigurationName = Release;
		};
		C63DF2B92530016300728E08 /* Build configuration list for PBXNativeTarget "Cavy" */ = {
			isa = XCConfigurationList;
			buildConfigurations = (
				C63DF2BA2530016300728E08 /* Debug */,
				C63DF2BB2530016300728E08 /* Release */,
			);
			defaultConfigurationIsVisible = 0;
			defaultConfigurationName = Release;
		};
		C63DF2D725313FB500728E08 /* Build configuration list for PBXNativeTarget "CavyTests" */ = {
			isa = XCConfigurationList;
			buildConfigurations = (
				C63DF2D825313FB500728E08 /* Debug */,
				C63DF2D925313FB500728E08 /* Release */,
			);
			defaultConfigurationIsVisible = 0;
			defaultConfigurationName = Release;
		};
/* End XCConfigurationList section */

/* Begin XCRemoteSwiftPackageReference section */
		C6091CE225BE013600E6CD0F /* XCRemoteSwiftPackageReference "MarkdownUI" */ = {
			isa = XCRemoteSwiftPackageReference;
			repositoryURL = "https://github.com/gonzalezreal/MarkdownUI";
			requirement = {
				kind = upToNextMajorVersion;
				minimumVersion = 0.3.3;
			};
		};
/* End XCRemoteSwiftPackageReference section */

/* Begin XCSwiftPackageProductDependency section */
		C6091CE325BE013600E6CD0F /* MarkdownUI */ = {
			isa = XCSwiftPackageProductDependency;
			package = C6091CE225BE013600E6CD0F /* XCRemoteSwiftPackageReference "MarkdownUI" */;
			productName = MarkdownUI;
		};
/* End XCSwiftPackageProductDependency section */
	};
	rootObject = C63DF2A22530016000728E08 /* Project object */;
}
